// !$*UTF8*$!
{
	archiveVersion = 1;
	classes = {
	};
	objectVersion = 48;
	objects = {

/* Begin PBXBuildFile section */
		774263491F8EF988002BDA84 /* UIImage+DSCategory.m in Sources */ = {isa = PBXBuildFile; fileRef = 774263481F8EF988002BDA84 /* UIImage+DSCategory.m */; };
		7742634C1F8EFDDE002BDA84 /* DSChatKit.m in Sources */ = {isa = PBXBuildFile; fileRef = 7742634B1F8EFDDE002BDA84 /* DSChatKit.m */; };
		775CE0C11F7E8D9B00E399B5 /* DSInputTextView.m in Sources */ = {isa = PBXBuildFile; fileRef = 775CE0C01F7E8D9B00E399B5 /* DSInputTextView.m */; };
		777792811F90567900752427 /* DSInputEmojiButton.m in Sources */ = {isa = PBXBuildFile; fileRef = 777792801F90567900752427 /* DSInputEmojiButton.m */; };
		777792841F90DE6500752427 /* DSInputAudioRecordView.m in Sources */ = {isa = PBXBuildFile; fileRef = 777792831F90DE6500752427 /* DSInputAudioRecordView.m */; };
		778580101F8E110F005187B5 /* DSInputEmojiView.m in Sources */ = {isa = PBXBuildFile; fileRef = 7785800F1F8E110F005187B5 /* DSInputEmojiView.m */; };
		778580131F8E146B005187B5 /* DSInputEmojiBottomView.m in Sources */ = {isa = PBXBuildFile; fileRef = 778580121F8E146B005187B5 /* DSInputEmojiBottomView.m */; };
		778580191F8E1E36005187B5 /* DSInputEmojiManager.m in Sources */ = {isa = PBXBuildFile; fileRef = 778580181F8E1E36005187B5 /* DSInputEmojiManager.m */; };
		7785801B1F8E244A005187B5 /* DSInputEmoji.bundle in Resources */ = {isa = PBXBuildFile; fileRef = 7785801A1F8E244A005187B5 /* DSInputEmoji.bundle */; };
		7791C61F1F8755FF00D69DAA /* DSInputToolView.m in Sources */ = {isa = PBXBuildFile; fileRef = 77E0B6AF1F7D2F0C00154EF9 /* DSInputToolView.m */; };
		7791C6201F87561400D69DAA /* DSInputView.m in Sources */ = {isa = PBXBuildFile; fileRef = 77E0B6B11F7D2F0C00154EF9 /* DSInputView.m */; };
		7791C6231F87888500D69DAA /* DSInputMoreView.m in Sources */ = {isa = PBXBuildFile; fileRef = 7791C6221F87888500D69DAA /* DSInputMoreView.m */; };
		7791C6271F87899100D69DAA /* DSPageView.m in Sources */ = {isa = PBXBuildFile; fileRef = 7791C6261F87899100D69DAA /* DSPageView.m */; };
		7795AC401F7F38490034CD3C /* DSInputScrollTextView.m in Sources */ = {isa = PBXBuildFile; fileRef = 7795AC3F1F7F38490034CD3C /* DSInputScrollTextView.m */; };
		77A3C2FD1F88C7C500F2DA07 /* DSMediaItem.m in Sources */ = {isa = PBXBuildFile; fileRef = 77A3C2FC1F88C7C500F2DA07 /* DSMediaItem.m */; };
		77E0B67C1F7D2EE700154EF9 /* AppDelegate.m in Sources */ = {isa = PBXBuildFile; fileRef = 77E0B67B1F7D2EE700154EF9 /* AppDelegate.m */; };
		77E0B67F1F7D2EE700154EF9 /* ViewController.m in Sources */ = {isa = PBXBuildFile; fileRef = 77E0B67E1F7D2EE700154EF9 /* ViewController.m */; };
		77E0B6821F7D2EE700154EF9 /* Main.storyboard in Resources */ = {isa = PBXBuildFile; fileRef = 77E0B6801F7D2EE700154EF9 /* Main.storyboard */; };
		77E0B6841F7D2EE700154EF9 /* Assets.xcassets in Resources */ = {isa = PBXBuildFile; fileRef = 77E0B6831F7D2EE700154EF9 /* Assets.xcassets */; };
		77E0B6871F7D2EE700154EF9 /* LaunchScreen.storyboard in Resources */ = {isa = PBXBuildFile; fileRef = 77E0B6851F7D2EE700154EF9 /* LaunchScreen.storyboard */; };
		77E0B68A1F7D2EE700154EF9 /* main.m in Sources */ = {isa = PBXBuildFile; fileRef = 77E0B6891F7D2EE700154EF9 /* main.m */; };
		77E0B6941F7D2EE700154EF9 /* DSChatKitTests.m in Sources */ = {isa = PBXBuildFile; fileRef = 77E0B6931F7D2EE700154EF9 /* DSChatKitTests.m */; };
		77E0B69F1F7D2EE700154EF9 /* DSChatKitUITests.m in Sources */ = {isa = PBXBuildFile; fileRef = 77E0B69E1F7D2EE700154EF9 /* DSChatKitUITests.m */; };
/* End PBXBuildFile section */

/* Begin PBXContainerItemProxy section */
		77E0B6901F7D2EE700154EF9 /* PBXContainerItemProxy */ = {
			isa = PBXContainerItemProxy;
			containerPortal = 77E0B66F1F7D2EE700154EF9 /* Project object */;
			proxyType = 1;
			remoteGlobalIDString = 77E0B6761F7D2EE700154EF9;
			remoteInfo = DSChatKit;
		};
		77E0B69B1F7D2EE700154EF9 /* PBXContainerItemProxy */ = {
			isa = PBXContainerItemProxy;
			containerPortal = 77E0B66F1F7D2EE700154EF9 /* Project object */;
			proxyType = 1;
			remoteGlobalIDString = 77E0B6761F7D2EE700154EF9;
			remoteInfo = DSChatKit;
		};
/* End PBXContainerItemProxy section */

/* Begin PBXFileReference section */
		774263471F8EF988002BDA84 /* UIImage+DSCategory.h */ = {isa = PBXFileReference; lastKnownFileType = sourcecode.c.h; path = "UIImage+DSCategory.h"; sourceTree = "<group>"; };
		774263481F8EF988002BDA84 /* UIImage+DSCategory.m */ = {isa = PBXFileReference; lastKnownFileType = sourcecode.c.objc; path = "UIImage+DSCategory.m"; sourceTree = "<group>"; };
		7742634A1F8EFDDE002BDA84 /* DSChatKit.h */ = {isa = PBXFileReference; lastKnownFileType = sourcecode.c.h; path = DSChatKit.h; sourceTree = "<group>"; };
		7742634B1F8EFDDE002BDA84 /* DSChatKit.m */ = {isa = PBXFileReference; lastKnownFileType = sourcecode.c.objc; path = DSChatKit.m; sourceTree = "<group>"; };
		775CE0BF1F7E8D9B00E399B5 /* DSInputTextView.h */ = {isa = PBXFileReference; lastKnownFileType = sourcecode.c.h; path = DSInputTextView.h; sourceTree = "<group>"; };
		775CE0C01F7E8D9B00E399B5 /* DSInputTextView.m */ = {isa = PBXFileReference; lastKnownFileType = sourcecode.c.objc; path = DSInputTextView.m; sourceTree = "<group>"; };
		7777927F1F90567900752427 /* DSInputEmojiButton.h */ = {isa = PBXFileReference; lastKnownFileType = sourcecode.c.h; path = DSInputEmojiButton.h; sourceTree = "<group>"; };
		777792801F90567900752427 /* DSInputEmojiButton.m */ = {isa = PBXFileReference; lastKnownFileType = sourcecode.c.objc; path = DSInputEmojiButton.m; sourceTree = "<group>"; };
		777792821F90DE6500752427 /* DSInputAudioRecordView.h */ = {isa = PBXFileReference; lastKnownFileType = sourcecode.c.h; path = DSInputAudioRecordView.h; sourceTree = "<group>"; };
		777792831F90DE6500752427 /* DSInputAudioRecordView.m */ = {isa = PBXFileReference; lastKnownFileType = sourcecode.c.objc; path = DSInputAudioRecordView.m; sourceTree = "<group>"; };
		7785800E1F8E110F005187B5 /* DSInputEmojiView.h */ = {isa = PBXFileReference; lastKnownFileType = sourcecode.c.h; path = DSInputEmojiView.h; sourceTree = "<group>"; };
		7785800F1F8E110F005187B5 /* DSInputEmojiView.m */ = {isa = PBXFileReference; lastKnownFileType = sourcecode.c.objc; path = DSInputEmojiView.m; sourceTree = "<group>"; };
		778580111F8E146B005187B5 /* DSInputEmojiBottomView.h */ = {isa = PBXFileReference; lastKnownFileType = sourcecode.c.h; path = DSInputEmojiBottomView.h; sourceTree = "<group>"; };
		778580121F8E146B005187B5 /* DSInputEmojiBottomView.m */ = {isa = PBXFileReference; lastKnownFileType = sourcecode.c.objc; path = DSInputEmojiBottomView.m; sourceTree = "<group>"; };
		778580171F8E1E36005187B5 /* DSInputEmojiManager.h */ = {isa = PBXFileReference; lastKnownFileType = sourcecode.c.h; path = DSInputEmojiManager.h; sourceTree = "<group>"; };
		778580181F8E1E36005187B5 /* DSInputEmojiManager.m */ = {isa = PBXFileReference; lastKnownFileType = sourcecode.c.objc; path = DSInputEmojiManager.m; sourceTree = "<group>"; };
		7785801A1F8E244A005187B5 /* DSInputEmoji.bundle */ = {isa = PBXFileReference; lastKnownFileType = "wrapper.plug-in"; path = DSInputEmoji.bundle; sourceTree = "<group>"; };
		7791C60A1F8724B500D69DAA /* input_keyboard_highlight@3x.png */ = {isa = PBXFileReference; lastKnownFileType = image.png; path = "input_keyboard_highlight@3x.png"; sourceTree = "<group>"; };
		7791C60B1F8724B500D69DAA /* input_keyboard_normal@3x.png */ = {isa = PBXFileReference; lastKnownFileType = image.png; path = "input_keyboard_normal@3x.png"; sourceTree = "<group>"; };
		7791C60C1F8724B500D69DAA /* input_more_normal@2x.png */ = {isa = PBXFileReference; lastKnownFileType = image.png; path = "input_more_normal@2x.png"; sourceTree = "<group>"; };
		7791C60D1F8724B600D69DAA /* input_keyboard_normal@2x.png */ = {isa = PBXFileReference; lastKnownFileType = image.png; path = "input_keyboard_normal@2x.png"; sourceTree = "<group>"; };
		7791C60E1F8724B600D69DAA /* input_more_highlight@3x.png */ = {isa = PBXFileReference; lastKnownFileType = image.png; path = "input_more_highlight@3x.png"; sourceTree = "<group>"; };
		7791C60F1F8724B600D69DAA /* input_keyboard_highlight@2x.png */ = {isa = PBXFileReference; lastKnownFileType = image.png; path = "input_keyboard_highlight@2x.png"; sourceTree = "<group>"; };
		7791C6101F8724B600D69DAA /* input_more_normal@3x.png */ = {isa = PBXFileReference; lastKnownFileType = image.png; path = "input_more_normal@3x.png"; sourceTree = "<group>"; };
		7791C6111F8724B600D69DAA /* input_more_highlight@2x.png */ = {isa = PBXFileReference; lastKnownFileType = image.png; path = "input_more_highlight@2x.png"; sourceTree = "<group>"; };
		7791C6121F8724C600D69DAA /* input_emoji_highlight@3x.png */ = {isa = PBXFileReference; lastKnownFileType = image.png; path = "input_emoji_highlight@3x.png"; sourceTree = "<group>"; };
		7791C6131F8724C600D69DAA /* input_emoji_normal@3x.png */ = {isa = PBXFileReference; lastKnownFileType = image.png; path = "input_emoji_normal@3x.png"; sourceTree = "<group>"; };
		7791C6141F8724C600D69DAA /* input_emoji_highlight@2x.png */ = {isa = PBXFileReference; lastKnownFileType = image.png; path = "input_emoji_highlight@2x.png"; sourceTree = "<group>"; };
		7791C6151F8724C600D69DAA /* input_emoji_normal@2x.png */ = {isa = PBXFileReference; lastKnownFileType = image.png; path = "input_emoji_normal@2x.png"; sourceTree = "<group>"; };
		7791C6161F8724D100D69DAA /* input_voice_normal@2x.png */ = {isa = PBXFileReference; lastKnownFileType = image.png; path = "input_voice_normal@2x.png"; sourceTree = "<group>"; };
		7791C6171F8724D100D69DAA /* input_voice_highlight@3x.png */ = {isa = PBXFileReference; lastKnownFileType = image.png; path = "input_voice_highlight@3x.png"; sourceTree = "<group>"; };
		7791C6181F8724D100D69DAA /* input_voice_normal@3x.png */ = {isa = PBXFileReference; lastKnownFileType = image.png; path = "input_voice_normal@3x.png"; sourceTree = "<group>"; };
		7791C6191F8724D100D69DAA /* input_voice_highlight@2x.png */ = {isa = PBXFileReference; lastKnownFileType = image.png; path = "input_voice_highlight@2x.png"; sourceTree = "<group>"; };
		7791C61C1F872E1D00D69DAA /* input_text_bg@2x.png */ = {isa = PBXFileReference; lastKnownFileType = image.png; path = "input_text_bg@2x.png"; sourceTree = "<group>"; };
		7791C61D1F872E2000D69DAA /* input_text_bg@3x.png */ = {isa = PBXFileReference; lastKnownFileType = image.png; path = "input_text_bg@3x.png"; sourceTree = "<group>"; };
		7791C6211F87888500D69DAA /* DSInputMoreView.h */ = {isa = PBXFileReference; lastKnownFileType = sourcecode.c.h; path = DSInputMoreView.h; sourceTree = "<group>"; };
		7791C6221F87888500D69DAA /* DSInputMoreView.m */ = {isa = PBXFileReference; lastKnownFileType = sourcecode.c.objc; path = DSInputMoreView.m; sourceTree = "<group>"; };
		7791C6251F87899100D69DAA /* DSPageView.h */ = {isa = PBXFileReference; lastKnownFileType = sourcecode.c.h; path = DSPageView.h; sourceTree = "<group>"; };
		7791C6261F87899100D69DAA /* DSPageView.m */ = {isa = PBXFileReference; lastKnownFileType = sourcecode.c.objc; path = DSPageView.m; sourceTree = "<group>"; };
		7795AC3C1F7F2EA80034CD3C /* UIView+DSCategory.m */ = {isa = PBXFileReference; lastKnownFileType = sourcecode.c.objc; path = "UIView+DSCategory.m"; sourceTree = "<group>"; };
		7795AC3D1F7F2EA80034CD3C /* UIView+DSCategory.h */ = {isa = PBXFileReference; lastKnownFileType = sourcecode.c.h; path = "UIView+DSCategory.h"; sourceTree = "<group>"; };
		7795AC3E1F7F38490034CD3C /* DSInputScrollTextView.h */ = {isa = PBXFileReference; lastKnownFileType = sourcecode.c.h; path = DSInputScrollTextView.h; sourceTree = "<group>"; };
		7795AC3F1F7F38490034CD3C /* DSInputScrollTextView.m */ = {isa = PBXFileReference; lastKnownFileType = sourcecode.c.objc; path = DSInputScrollTextView.m; sourceTree = "<group>"; };
		77A3C2FB1F88C7C500F2DA07 /* DSMediaItem.h */ = {isa = PBXFileReference; lastKnownFileType = sourcecode.c.h; path = DSMediaItem.h; sourceTree = "<group>"; };
		77A3C2FC1F88C7C500F2DA07 /* DSMediaItem.m */ = {isa = PBXFileReference; lastKnownFileType = sourcecode.c.objc; path = DSMediaItem.m; sourceTree = "<group>"; };
		77A3C3001F88CDF400F2DA07 /* DSSessionConfig.h */ = {isa = PBXFileReference; lastKnownFileType = sourcecode.c.h; path = DSSessionConfig.h; sourceTree = "<group>"; };
		77E0B6771F7D2EE700154EF9 /* DSChatKit.app */ = {isa = PBXFileReference; explicitFileType = wrapper.application; includeInIndex = 0; path = DSChatKit.app; sourceTree = BUILT_PRODUCTS_DIR; };
		77E0B67A1F7D2EE700154EF9 /* AppDelegate.h */ = {isa = PBXFileReference; lastKnownFileType = sourcecode.c.h; path = AppDelegate.h; sourceTree = "<group>"; };
		77E0B67B1F7D2EE700154EF9 /* AppDelegate.m */ = {isa = PBXFileReference; lastKnownFileType = sourcecode.c.objc; path = AppDelegate.m; sourceTree = "<group>"; };
		77E0B67D1F7D2EE700154EF9 /* ViewController.h */ = {isa = PBXFileReference; lastKnownFileType = sourcecode.c.h; path = ViewController.h; sourceTree = "<group>"; };
		77E0B67E1F7D2EE700154EF9 /* ViewController.m */ = {isa = PBXFileReference; lastKnownFileType = sourcecode.c.objc; path = ViewController.m; sourceTree = "<group>"; };
		77E0B6811F7D2EE700154EF9 /* Base */ = {isa = PBXFileReference; lastKnownFileType = file.storyboard; name = Base; path = Base.lproj/Main.storyboard; sourceTree = "<group>"; };
		77E0B6831F7D2EE700154EF9 /* Assets.xcassets */ = {isa = PBXFileReference; lastKnownFileType = folder.assetcatalog; path = Assets.xcassets; sourceTree = "<group>"; };
		77E0B6861F7D2EE700154EF9 /* Base */ = {isa = PBXFileReference; lastKnownFileType = file.storyboard; name = Base; path = Base.lproj/LaunchScreen.storyboard; sourceTree = "<group>"; };
		77E0B6881F7D2EE700154EF9 /* Info.plist */ = {isa = PBXFileReference; lastKnownFileType = text.plist.xml; path = Info.plist; sourceTree = "<group>"; };
		77E0B6891F7D2EE700154EF9 /* main.m */ = {isa = PBXFileReference; lastKnownFileType = sourcecode.c.objc; path = main.m; sourceTree = "<group>"; };
		77E0B68F1F7D2EE700154EF9 /* DSChatKitTests.xctest */ = {isa = PBXFileReference; explicitFileType = wrapper.cfbundle; includeInIndex = 0; path = DSChatKitTests.xctest; sourceTree = BUILT_PRODUCTS_DIR; };
		77E0B6931F7D2EE700154EF9 /* DSChatKitTests.m */ = {isa = PBXFileReference; lastKnownFileType = sourcecode.c.objc; path = DSChatKitTests.m; sourceTree = "<group>"; };
		77E0B6951F7D2EE700154EF9 /* Info.plist */ = {isa = PBXFileReference; lastKnownFileType = text.plist.xml; path = Info.plist; sourceTree = "<group>"; };
		77E0B69A1F7D2EE700154EF9 /* DSChatKitUITests.xctest */ = {isa = PBXFileReference; explicitFileType = wrapper.cfbundle; includeInIndex = 0; path = DSChatKitUITests.xctest; sourceTree = BUILT_PRODUCTS_DIR; };
		77E0B69E1F7D2EE700154EF9 /* DSChatKitUITests.m */ = {isa = PBXFileReference; lastKnownFileType = sourcecode.c.objc; path = DSChatKitUITests.m; sourceTree = "<group>"; };
		77E0B6A01F7D2EE700154EF9 /* Info.plist */ = {isa = PBXFileReference; lastKnownFileType = text.plist.xml; path = Info.plist; sourceTree = "<group>"; };
		77E0B6AE1F7D2F0C00154EF9 /* DSInputToolView.h */ = {isa = PBXFileReference; lastKnownFileType = sourcecode.c.h; path = DSInputToolView.h; sourceTree = "<group>"; };
		77E0B6AF1F7D2F0C00154EF9 /* DSInputToolView.m */ = {isa = PBXFileReference; lastKnownFileType = sourcecode.c.objc; path = DSInputToolView.m; sourceTree = "<group>"; };
		77E0B6B01F7D2F0C00154EF9 /* DSInputView.h */ = {isa = PBXFileReference; lastKnownFileType = sourcecode.c.h; path = DSInputView.h; sourceTree = "<group>"; };
		77E0B6B11F7D2F0C00154EF9 /* DSInputView.m */ = {isa = PBXFileReference; lastKnownFileType = sourcecode.c.objc; path = DSInputView.m; sourceTree = "<group>"; };
/* End PBXFileReference section */

/* Begin PBXFrameworksBuildPhase section */
		77E0B6741F7D2EE700154EF9 /* Frameworks */ = {
			isa = PBXFrameworksBuildPhase;
			buildActionMask = 2147483647;
			files = (
			);
			runOnlyForDeploymentPostprocessing = 0;
		};
		77E0B68C1F7D2EE700154EF9 /* Frameworks */ = {
			isa = PBXFrameworksBuildPhase;
			buildActionMask = 2147483647;
			files = (
			);
			runOnlyForDeploymentPostprocessing = 0;
		};
		77E0B6971F7D2EE700154EF9 /* Frameworks */ = {
			isa = PBXFrameworksBuildPhase;
			buildActionMask = 2147483647;
			files = (
			);
			runOnlyForDeploymentPostprocessing = 0;
		};
/* End PBXFrameworksBuildPhase section */

/* Begin PBXGroup section */
		7791C6091F87249F00D69DAA /* Resources */ = {
			isa = PBXGroup;
			children = (
				7791C6111F8724B600D69DAA /* input_more_highlight@2x.png */,
				7791C60E1F8724B600D69DAA /* input_more_highlight@3x.png */,
				7791C6101F8724B600D69DAA /* input_more_normal@3x.png */,
				7791C60C1F8724B500D69DAA /* input_more_normal@2x.png */,
				7791C60F1F8724B600D69DAA /* input_keyboard_highlight@2x.png */,
				7791C60A1F8724B500D69DAA /* input_keyboard_highlight@3x.png */,
				7791C60B1F8724B500D69DAA /* input_keyboard_normal@3x.png */,
				7791C60D1F8724B600D69DAA /* input_keyboard_normal@2x.png */,
				7791C6141F8724C600D69DAA /* input_emoji_highlight@2x.png */,
				7791C6131F8724C600D69DAA /* input_emoji_normal@3x.png */,
				7791C6121F8724C600D69DAA /* input_emoji_highlight@3x.png */,
				7791C6151F8724C600D69DAA /* input_emoji_normal@2x.png */,
				7791C6191F8724D100D69DAA /* input_voice_highlight@2x.png */,
				7791C6171F8724D100D69DAA /* input_voice_highlight@3x.png */,
				7791C6181F8724D100D69DAA /* input_voice_normal@3x.png */,
				7791C6161F8724D100D69DAA /* input_voice_normal@2x.png */,
				7791C61C1F872E1D00D69DAA /* input_text_bg@2x.png */,
				7791C61D1F872E2000D69DAA /* input_text_bg@3x.png */,
				7785801A1F8E244A005187B5 /* DSInputEmoji.bundle */,
			);
			path = Resources;
			sourceTree = "<group>";
		};
		7791C6241F87892300D69DAA /* Common */ = {
			isa = PBXGroup;
			children = (
				7791C6251F87899100D69DAA /* DSPageView.h */,
				7791C6261F87899100D69DAA /* DSPageView.m */,
			);
			path = Common;
			sourceTree = "<group>";
		};
		7795AC3B1F7F2E960034CD3C /* DSCategory */ = {
			isa = PBXGroup;
			children = (
				7795AC3D1F7F2EA80034CD3C /* UIView+DSCategory.h */,
				7795AC3C1F7F2EA80034CD3C /* UIView+DSCategory.m */,
				774263471F8EF988002BDA84 /* UIImage+DSCategory.h */,
				774263481F8EF988002BDA84 /* UIImage+DSCategory.m */,
			);
			path = DSCategory;
			sourceTree = "<group>";
		};
		77A3C2FA1F88C78300F2DA07 /* Model */ = {
			isa = PBXGroup;
			children = (
				77A3C2FB1F88C7C500F2DA07 /* DSMediaItem.h */,
				77A3C2FC1F88C7C500F2DA07 /* DSMediaItem.m */,
			);
			path = Model;
			sourceTree = "<group>";
		};
		77A3C2FE1F88CBAA00F2DA07 /* Protocols */ = {
			isa = PBXGroup;
			children = (
				77A3C3001F88CDF400F2DA07 /* DSSessionConfig.h */,
			);
			path = Protocols;
			sourceTree = "<group>";
		};
		77E0B66E1F7D2EE700154EF9 = {
			isa = PBXGroup;
			children = (
				77E0B6791F7D2EE700154EF9 /* DSChatKit */,
				77E0B6921F7D2EE700154EF9 /* DSChatKitTests */,
				77E0B69D1F7D2EE700154EF9 /* DSChatKitUITests */,
				77E0B6781F7D2EE700154EF9 /* Products */,
			);
			sourceTree = "<group>";
		};
		77E0B6781F7D2EE700154EF9 /* Products */ = {
			isa = PBXGroup;
			children = (
				77E0B6771F7D2EE700154EF9 /* DSChatKit.app */,
				77E0B68F1F7D2EE700154EF9 /* DSChatKitTests.xctest */,
				77E0B69A1F7D2EE700154EF9 /* DSChatKitUITests.xctest */,
			);
			name = Products;
			sourceTree = "<group>";
		};
		77E0B6791F7D2EE700154EF9 /* DSChatKit */ = {
			isa = PBXGroup;
			children = (
				77E0B6AC1F7D2F0C00154EF9 /* DSChatKit */,
				77E0B67A1F7D2EE700154EF9 /* AppDelegate.h */,
				77E0B67B1F7D2EE700154EF9 /* AppDelegate.m */,
				77E0B67D1F7D2EE700154EF9 /* ViewController.h */,
				77E0B67E1F7D2EE700154EF9 /* ViewController.m */,
				77E0B6801F7D2EE700154EF9 /* Main.storyboard */,
				77E0B6831F7D2EE700154EF9 /* Assets.xcassets */,
				77E0B6851F7D2EE700154EF9 /* LaunchScreen.storyboard */,
				77E0B6881F7D2EE700154EF9 /* Info.plist */,
				77E0B6891F7D2EE700154EF9 /* main.m */,
			);
			path = DSChatKit;
			sourceTree = "<group>";
		};
		77E0B6921F7D2EE700154EF9 /* DSChatKitTests */ = {
			isa = PBXGroup;
			children = (
				77E0B6931F7D2EE700154EF9 /* DSChatKitTests.m */,
				77E0B6951F7D2EE700154EF9 /* Info.plist */,
			);
			path = DSChatKitTests;
			sourceTree = "<group>";
		};
		77E0B69D1F7D2EE700154EF9 /* DSChatKitUITests */ = {
			isa = PBXGroup;
			children = (
				77E0B69E1F7D2EE700154EF9 /* DSChatKitUITests.m */,
				77E0B6A01F7D2EE700154EF9 /* Info.plist */,
			);
			path = DSChatKitUITests;
			sourceTree = "<group>";
		};
		77E0B6AC1F7D2F0C00154EF9 /* DSChatKit */ = {
			isa = PBXGroup;
			children = (
				7742634A1F8EFDDE002BDA84 /* DSChatKit.h */,
				7742634B1F8EFDDE002BDA84 /* DSChatKit.m */,
				7791C6091F87249F00D69DAA /* Resources */,
				7795AC3B1F7F2E960034CD3C /* DSCategory */,
				77E0B6AD1F7D2F0C00154EF9 /* DSInputView */,
				7791C6241F87892300D69DAA /* Common */,
				77A3C2FA1F88C78300F2DA07 /* Model */,
				77A3C2FE1F88CBAA00F2DA07 /* Protocols */,
			);
			path = DSChatKit;
			sourceTree = "<group>";
		};
		77E0B6AD1F7D2F0C00154EF9 /* DSInputView */ = {
			isa = PBXGroup;
			children = (
				77E0B6B01F7D2F0C00154EF9 /* DSInputView.h */,
				77E0B6B11F7D2F0C00154EF9 /* DSInputView.m */,
				77E0B6AE1F7D2F0C00154EF9 /* DSInputToolView.h */,
				77E0B6AF1F7D2F0C00154EF9 /* DSInputToolView.m */,
				775CE0BF1F7E8D9B00E399B5 /* DSInputTextView.h */,
				775CE0C01F7E8D9B00E399B5 /* DSInputTextView.m */,
				7795AC3E1F7F38490034CD3C /* DSInputScrollTextView.h */,
				7795AC3F1F7F38490034CD3C /* DSInputScrollTextView.m */,
				7791C6211F87888500D69DAA /* DSInputMoreView.h */,
				7791C6221F87888500D69DAA /* DSInputMoreView.m */,
				7785800E1F8E110F005187B5 /* DSInputEmojiView.h */,
				7785800F1F8E110F005187B5 /* DSInputEmojiView.m */,
				778580111F8E146B005187B5 /* DSInputEmojiBottomView.h */,
				778580121F8E146B005187B5 /* DSInputEmojiBottomView.m */,
				778580171F8E1E36005187B5 /* DSInputEmojiManager.h */,
				778580181F8E1E36005187B5 /* DSInputEmojiManager.m */,
				7777927F1F90567900752427 /* DSInputEmojiButton.h */,
				777792801F90567900752427 /* DSInputEmojiButton.m */,
				777792821F90DE6500752427 /* DSInputAudioRecordView.h */,
				777792831F90DE6500752427 /* DSInputAudioRecordView.m */,
			);
			path = DSInputView;
			sourceTree = "<group>";
		};
/* End PBXGroup section */

/* Begin PBXNativeTarget section */
		77E0B6761F7D2EE700154EF9 /* DSChatKit */ = {
			isa = PBXNativeTarget;
			buildConfigurationList = 77E0B6A31F7D2EE700154EF9 /* Build configuration list for PBXNativeTarget "DSChatKit" */;
			buildPhases = (
				77E0B6731F7D2EE700154EF9 /* Sources */,
				77E0B6741F7D2EE700154EF9 /* Frameworks */,
				77E0B6751F7D2EE700154EF9 /* Resources */,
			);
			buildRules = (
			);
			dependencies = (
			);
			name = DSChatKit;
			productName = DSChatKit;
			productReference = 77E0B6771F7D2EE700154EF9 /* DSChatKit.app */;
			productType = "com.apple.product-type.application";
		};
		77E0B68E1F7D2EE700154EF9 /* DSChatKitTests */ = {
			isa = PBXNativeTarget;
			buildConfigurationList = 77E0B6A61F7D2EE700154EF9 /* Build configuration list for PBXNativeTarget "DSChatKitTests" */;
			buildPhases = (
				77E0B68B1F7D2EE700154EF9 /* Sources */,
				77E0B68C1F7D2EE700154EF9 /* Frameworks */,
				77E0B68D1F7D2EE700154EF9 /* Resources */,
			);
			buildRules = (
			);
			dependencies = (
				77E0B6911F7D2EE700154EF9 /* PBXTargetDependency */,
			);
			name = DSChatKitTests;
			productName = DSChatKitTests;
			productReference = 77E0B68F1F7D2EE700154EF9 /* DSChatKitTests.xctest */;
			productType = "com.apple.product-type.bundle.unit-test";
		};
		77E0B6991F7D2EE700154EF9 /* DSChatKitUITests */ = {
			isa = PBXNativeTarget;
			buildConfigurationList = 77E0B6A91F7D2EE700154EF9 /* Build configuration list for PBXNativeTarget "DSChatKitUITests" */;
			buildPhases = (
				77E0B6961F7D2EE700154EF9 /* Sources */,
				77E0B6971F7D2EE700154EF9 /* Frameworks */,
				77E0B6981F7D2EE700154EF9 /* Resources */,
			);
			buildRules = (
			);
			dependencies = (
				77E0B69C1F7D2EE700154EF9 /* PBXTargetDependency */,
			);
			name = DSChatKitUITests;
			productName = DSChatKitUITests;
			productReference = 77E0B69A1F7D2EE700154EF9 /* DSChatKitUITests.xctest */;
			productType = "com.apple.product-type.bundle.ui-testing";
		};
/* End PBXNativeTarget section */

/* Begin PBXProject section */
		77E0B66F1F7D2EE700154EF9 /* Project object */ = {
			isa = PBXProject;
			attributes = {
				LastUpgradeCheck = 0900;
				ORGANIZATIONNAME = "黄铭达";
				TargetAttributes = {
					77E0B6761F7D2EE700154EF9 = {
						CreatedOnToolsVersion = 9.0;
						ProvisioningStyle = Automatic;
					};
					77E0B68E1F7D2EE700154EF9 = {
						CreatedOnToolsVersion = 9.0;
						ProvisioningStyle = Automatic;
						TestTargetID = 77E0B6761F7D2EE700154EF9;
					};
					77E0B6991F7D2EE700154EF9 = {
						CreatedOnToolsVersion = 9.0;
						ProvisioningStyle = Automatic;
						TestTargetID = 77E0B6761F7D2EE700154EF9;
					};
				};
			};
			buildConfigurationList = 77E0B6721F7D2EE700154EF9 /* Build configuration list for PBXProject "DSChatKit" */;
			compatibilityVersion = "Xcode 8.0";
			developmentRegion = en;
			hasScannedForEncodings = 0;
			knownRegions = (
				en,
				Base,
			);
			mainGroup = 77E0B66E1F7D2EE700154EF9;
			productRefGroup = 77E0B6781F7D2EE700154EF9 /* Products */;
			projectDirPath = "";
			projectRoot = "";
			targets = (
				77E0B6761F7D2EE700154EF9 /* DSChatKit */,
				77E0B68E1F7D2EE700154EF9 /* DSChatKitTests */,
				77E0B6991F7D2EE700154EF9 /* DSChatKitUITests */,
			);
		};
/* End PBXProject section */

/* Begin PBXResourcesBuildPhase section */
		77E0B6751F7D2EE700154EF9 /* Resources */ = {
			isa = PBXResourcesBuildPhase;
			buildActionMask = 2147483647;
			files = (
				77E0B6871F7D2EE700154EF9 /* LaunchScreen.storyboard in Resources */,
				77E0B6841F7D2EE700154EF9 /* Assets.xcassets in Resources */,
				7785801B1F8E244A005187B5 /* DSInputEmoji.bundle in Resources */,
				77E0B6821F7D2EE700154EF9 /* Main.storyboard in Resources */,
			);
			runOnlyForDeploymentPostprocessing = 0;
		};
		77E0B68D1F7D2EE700154EF9 /* Resources */ = {
			isa = PBXResourcesBuildPhase;
			buildActionMask = 2147483647;
			files = (
			);
			runOnlyForDeploymentPostprocessing = 0;
		};
		77E0B6981F7D2EE700154EF9 /* Resources */ = {
			isa = PBXResourcesBuildPhase;
			buildActionMask = 2147483647;
			files = (
			);
			runOnlyForDeploymentPostprocessing = 0;
		};
/* End PBXResourcesBuildPhase section */

/* Begin PBXSourcesBuildPhase section */
		77E0B6731F7D2EE700154EF9 /* Sources */ = {
			isa = PBXSourcesBuildPhase;
			buildActionMask = 2147483647;
			files = (
				77A3C2FD1F88C7C500F2DA07 /* DSMediaItem.m in Sources */,
				778580191F8E1E36005187B5 /* DSInputEmojiManager.m in Sources */,
				7791C6201F87561400D69DAA /* DSInputView.m in Sources */,
				7791C6231F87888500D69DAA /* DSInputMoreView.m in Sources */,
				778580101F8E110F005187B5 /* DSInputEmojiView.m in Sources */,
				7795AC401F7F38490034CD3C /* DSInputScrollTextView.m in Sources */,
				777792811F90567900752427 /* DSInputEmojiButton.m in Sources */,
				774263491F8EF988002BDA84 /* UIImage+DSCategory.m in Sources */,
				77E0B67F1F7D2EE700154EF9 /* ViewController.m in Sources */,
				778580131F8E146B005187B5 /* DSInputEmojiBottomView.m in Sources */,
				77E0B68A1F7D2EE700154EF9 /* main.m in Sources */,
				77E0B67C1F7D2EE700154EF9 /* AppDelegate.m in Sources */,
				7791C61F1F8755FF00D69DAA /* DSInputToolView.m in Sources */,
				777792841F90DE6500752427 /* DSInputAudioRecordView.m in Sources */,
				775CE0C11F7E8D9B00E399B5 /* DSInputTextView.m in Sources */,
				7742634C1F8EFDDE002BDA84 /* DSChatKit.m in Sources */,
				7791C6271F87899100D69DAA /* DSPageView.m in Sources */,
			);
			runOnlyForDeploymentPostprocessing = 0;
		};
		77E0B68B1F7D2EE700154EF9 /* Sources */ = {
			isa = PBXSourcesBuildPhase;
			buildActionMask = 2147483647;
			files = (
				77E0B6941F7D2EE700154EF9 /* DSChatKitTests.m in Sources */,
			);
			runOnlyForDeploymentPostprocessing = 0;
		};
		77E0B6961F7D2EE700154EF9 /* Sources */ = {
			isa = PBXSourcesBuildPhase;
			buildActionMask = 2147483647;
			files = (
				77E0B69F1F7D2EE700154EF9 /* DSChatKitUITests.m in Sources */,
			);
			runOnlyForDeploymentPostprocessing = 0;
		};
/* End PBXSourcesBuildPhase section */

/* Begin PBXTargetDependency section */
		77E0B6911F7D2EE700154EF9 /* PBXTargetDependency */ = {
			isa = PBXTargetDependency;
			target = 77E0B6761F7D2EE700154EF9 /* DSChatKit */;
			targetProxy = 77E0B6901F7D2EE700154EF9 /* PBXContainerItemProxy */;
		};
		77E0B69C1F7D2EE700154EF9 /* PBXTargetDependency */ = {
			isa = PBXTargetDependency;
			target = 77E0B6761F7D2EE700154EF9 /* DSChatKit */;
			targetProxy = 77E0B69B1F7D2EE700154EF9 /* PBXContainerItemProxy */;
		};
/* End PBXTargetDependency section */

/* Begin PBXVariantGroup section */
		77E0B6801F7D2EE700154EF9 /* Main.storyboard */ = {
			isa = PBXVariantGroup;
			children = (
				77E0B6811F7D2EE700154EF9 /* Base */,
			);
			name = Main.storyboard;
			sourceTree = "<group>";
		};
		77E0B6851F7D2EE700154EF9 /* LaunchScreen.storyboard */ = {
			isa = PBXVariantGroup;
			children = (
				77E0B6861F7D2EE700154EF9 /* Base */,
			);
			name = LaunchScreen.storyboard;
			sourceTree = "<group>";
		};
/* End PBXVariantGroup section */

/* Begin XCBuildConfiguration section */
		77E0B6A11F7D2EE700154EF9 /* Debug */ = {
			isa = XCBuildConfiguration;
			buildSettings = {
				ALWAYS_SEARCH_USER_PATHS = NO;
				CLANG_ANALYZER_NONNULL = YES;
				CLANG_ANALYZER_NUMBER_OBJECT_CONVERSION = YES_AGGRESSIVE;
				CLANG_CXX_LANGUAGE_STANDARD = "gnu++14";
				CLANG_CXX_LIBRARY = "libc++";
				CLANG_ENABLE_MODULES = YES;
				CLANG_ENABLE_OBJC_ARC = YES;
				CLANG_WARN_BLOCK_CAPTURE_AUTORELEASING = YES;
				CLANG_WARN_BOOL_CONVERSION = YES;
				CLANG_WARN_COMMA = YES;
				CLANG_WARN_CONSTANT_CONVERSION = YES;
				CLANG_WARN_DIRECT_OBJC_ISA_USAGE = YES_ERROR;
				CLANG_WARN_DOCUMENTATION_COMMENTS = YES;
				CLANG_WARN_EMPTY_BODY = YES;
				CLANG_WARN_ENUM_CONVERSION = YES;
				CLANG_WARN_INFINITE_RECURSION = YES;
				CLANG_WARN_INT_CONVERSION = YES;
				CLANG_WARN_NON_LITERAL_NULL_CONVERSION = YES;
				CLANG_WARN_OBJC_LITERAL_CONVERSION = YES;
				CLANG_WARN_OBJC_ROOT_CLASS = YES_ERROR;
				CLANG_WARN_RANGE_LOOP_ANALYSIS = YES;
				CLANG_WARN_STRICT_PROTOTYPES = YES;
				CLANG_WARN_SUSPICIOUS_MOVE = YES;
				CLANG_WARN_UNGUARDED_AVAILABILITY = YES_AGGRESSIVE;
				CLANG_WARN_UNREACHABLE_CODE = YES;
				CLANG_WARN__DUPLICATE_METHOD_MATCH = YES;
				CODE_SIGN_IDENTITY = "iPhone Developer";
				COPY_PHASE_STRIP = NO;
				DEBUG_INFORMATION_FORMAT = dwarf;
				ENABLE_STRICT_OBJC_MSGSEND = YES;
				ENABLE_TESTABILITY = YES;
				GCC_C_LANGUAGE_STANDARD = gnu11;
				GCC_DYNAMIC_NO_PIC = NO;
				GCC_NO_COMMON_BLOCKS = YES;
				GCC_OPTIMIZATION_LEVEL = 0;
				GCC_PREPROCESSOR_DEFINITIONS = (
					"DEBUG=1",
					"$(inherited)",
				);
				GCC_WARN_64_TO_32_BIT_CONVERSION = YES;
				GCC_WARN_ABOUT_RETURN_TYPE = YES_ERROR;
				GCC_WARN_UNDECLARED_SELECTOR = YES;
				GCC_WARN_UNINITIALIZED_AUTOS = YES_AGGRESSIVE;
				GCC_WARN_UNUSED_FUNCTION = YES;
				GCC_WARN_UNUSED_VARIABLE = YES;
				IPHONEOS_DEPLOYMENT_TARGET = 11.0;
				MTL_ENABLE_DEBUG_INFO = YES;
				ONLY_ACTIVE_ARCH = YES;
				SDKROOT = iphoneos;
			};
			name = Debug;
		};
		77E0B6A21F7D2EE700154EF9 /* Release */ = {
			isa = XCBuildConfiguration;
			buildSettings = {
				ALWAYS_SEARCH_USER_PATHS = NO;
				CLANG_ANALYZER_NONNULL = YES;
				CLANG_ANALYZER_NUMBER_OBJECT_CONVERSION = YES_AGGRESSIVE;
				CLANG_CXX_LANGUAGE_STANDARD = "gnu++14";
				CLANG_CXX_LIBRARY = "libc++";
				CLANG_ENABLE_MODULES = YES;
				CLANG_ENABLE_OBJC_ARC = YES;
				CLANG_WARN_BLOCK_CAPTURE_AUTORELEASING = YES;
				CLANG_WARN_BOOL_CONVERSION = YES;
				CLANG_WARN_COMMA = YES;
				CLANG_WARN_CONSTANT_CONVERSION = YES;
				CLANG_WARN_DIRECT_OBJC_ISA_USAGE = YES_ERROR;
				CLANG_WARN_DOCUMENTATION_COMMENTS = YES;
				CLANG_WARN_EMPTY_BODY = YES;
				CLANG_WARN_ENUM_CONVERSION = YES;
				CLANG_WARN_INFINITE_RECURSION = YES;
				CLANG_WARN_INT_CONVERSION = YES;
				CLANG_WARN_NON_LITERAL_NULL_CONVERSION = YES;
				CLANG_WARN_OBJC_LITERAL_CONVERSION = YES;
				CLANG_WARN_OBJC_ROOT_CLASS = YES_ERROR;
				CLANG_WARN_RANGE_LOOP_ANALYSIS = YES;
				CLANG_WARN_STRICT_PROTOTYPES = YES;
				CLANG_WARN_SUSPICIOUS_MOVE = YES;
				CLANG_WARN_UNGUARDED_AVAILABILITY = YES_AGGRESSIVE;
				CLANG_WARN_UNREACHABLE_CODE = YES;
				CLANG_WARN__DUPLICATE_METHOD_MATCH = YES;
				CODE_SIGN_IDENTITY = "iPhone Developer";
				COPY_PHASE_STRIP = NO;
				DEBUG_INFORMATION_FORMAT = "dwarf-with-dsym";
				ENABLE_NS_ASSERTIONS = NO;
				ENABLE_STRICT_OBJC_MSGSEND = YES;
				GCC_C_LANGUAGE_STANDARD = gnu11;
				GCC_NO_COMMON_BLOCKS = YES;
				GCC_WARN_64_TO_32_BIT_CONVERSION = YES;
				GCC_WARN_ABOUT_RETURN_TYPE = YES_ERROR;
				GCC_WARN_UNDECLARED_SELECTOR = YES;
				GCC_WARN_UNINITIALIZED_AUTOS = YES_AGGRESSIVE;
				GCC_WARN_UNUSED_FUNCTION = YES;
				GCC_WARN_UNUSED_VARIABLE = YES;
				IPHONEOS_DEPLOYMENT_TARGET = 11.0;
				MTL_ENABLE_DEBUG_INFO = NO;
				SDKROOT = iphoneos;
				VALIDATE_PRODUCT = YES;
			};
			name = Release;
		};
		77E0B6A41F7D2EE700154EF9 /* Debug */ = {
			isa = XCBuildConfiguration;
			buildSettings = {
				ASSETCATALOG_COMPILER_APPICON_NAME = AppIcon;
				CODE_SIGN_STYLE = Automatic;
				DEVELOPMENT_TEAM = M3WM4WM6Y4;
				INFOPLIST_FILE = DSChatKit/Info.plist;
				IPHONEOS_DEPLOYMENT_TARGET = 8.0;
				LD_RUNPATH_SEARCH_PATHS = "$(inherited) @executable_path/Frameworks";
				PRODUCT_BUNDLE_IDENTIFIER = "---.DSChatKit";
				PRODUCT_NAME = "$(TARGET_NAME)";
				TARGETED_DEVICE_FAMILY = "1,2";
			};
			name = Debug;
		};
		77E0B6A51F7D2EE700154EF9 /* Release */ = {
			isa = XCBuildConfiguration;
			buildSettings = {
				ASSETCATALOG_COMPILER_APPICON_NAME = AppIcon;
				CODE_SIGN_STYLE = Automatic;
				DEVELOPMENT_TEAM = M3WM4WM6Y4;
				INFOPLIST_FILE = DSChatKit/Info.plist;
				IPHONEOS_DEPLOYMENT_TARGET = 8.0;
				LD_RUNPATH_SEARCH_PATHS = "$(inherited) @executable_path/Frameworks";
				PRODUCT_BUNDLE_IDENTIFIER = "---.DSChatKit";
				PRODUCT_NAME = "$(TARGET_NAME)";
				TARGETED_DEVICE_FAMILY = "1,2";
			};
			name = Release;
		};
		77E0B6A71F7D2EE700154EF9 /* Debug */ = {
			isa = XCBuildConfiguration;
			buildSettings = {
				BUNDLE_LOADER = "$(TEST_HOST)";
				CODE_SIGN_STYLE = Automatic;
				DEVELOPMENT_TEAM = M3WM4WM6Y4;
				INFOPLIST_FILE = DSChatKitTests/Info.plist;
				LD_RUNPATH_SEARCH_PATHS = "$(inherited) @executable_path/Frameworks @loader_path/Frameworks";
				PRODUCT_BUNDLE_IDENTIFIER = "---.DSChatKitTests";
				PRODUCT_NAME = "$(TARGET_NAME)";
				TARGETED_DEVICE_FAMILY = "1,2";
				TEST_HOST = "$(BUILT_PRODUCTS_DIR)/DSChatKit.app/DSChatKit";
			};
			name = Debug;
		};
		77E0B6A81F7D2EE700154EF9 /* Release */ = {
			isa = XCBuildConfiguration;
			buildSettings = {
				BUNDLE_LOADER = "$(TEST_HOST)";
				CODE_SIGN_STYLE = Automatic;
				DEVELOPMENT_TEAM = M3WM4WM6Y4;
				INFOPLIST_FILE = DSChatKitTests/Info.plist;
				LD_RUNPATH_SEARCH_PATHS = "$(inherited) @executable_path/Frameworks @loader_path/Frameworks";
				PRODUCT_BUNDLE_IDENTIFIER = "---.DSChatKitTests";
				PRODUCT_NAME = "$(TARGET_NAME)";
				TARGETED_DEVICE_FAMILY = "1,2";
				TEST_HOST = "$(BUILT_PRODUCTS_DIR)/DSChatKit.app/DSChatKit";
			};
			name = Release;
		};
		77E0B6AA1F7D2EE700154EF9 /* Debug */ = {
			isa = XCBuildConfiguration;
			buildSettings = {
				CODE_SIGN_STYLE = Automatic;
				DEVELOPMENT_TEAM = M3WM4WM6Y4;
				INFOPLIST_FILE = DSChatKitUITests/Info.plist;
				LD_RUNPATH_SEARCH_PATHS = "$(inherited) @executable_path/Frameworks @loader_path/Frameworks";
				PRODUCT_BUNDLE_IDENTIFIER = "---.DSChatKitUITests";
				PRODUCT_NAME = "$(TARGET_NAME)";
				TARGETED_DEVICE_FAMILY = "1,2";
				TEST_TARGET_NAME = DSChatKit;
			};
			name = Debug;
		};
		77E0B6AB1F7D2EE700154EF9 /* Release */ = {
			isa = XCBuildConfiguration;
			buildSettings = {
				CODE_SIGN_STYLE = Automatic;
				DEVELOPMENT_TEAM = M3WM4WM6Y4;
				INFOPLIST_FILE = DSChatKitUITests/Info.plist;
				LD_RUNPATH_SEARCH_PATHS = "$(inherited) @executable_path/Frameworks @loader_path/Frameworks";
				PRODUCT_BUNDLE_IDENTIFIER = "---.DSChatKitUITests";
				PRODUCT_NAME = "$(TARGET_NAME)";
				TARGETED_DEVICE_FAMILY = "1,2";
				TEST_TARGET_NAME = DSChatKit;
			};
			name = Release;
		};
/* End XCBuildConfiguration section */

/* Begin XCConfigurationList section */
		77E0B6721F7D2EE700154EF9 /* Build configuration list for PBXProject "DSChatKit" */ = {
			isa = XCConfigurationList;
			buildConfigurations = (
				77E0B6A11F7D2EE700154EF9 /* Debug */,
				77E0B6A21F7D2EE700154EF9 /* Release */,
			);
			defaultConfigurationIsVisible = 0;
			defaultConfigurationName = Release;
		};
		77E0B6A31F7D2EE700154EF9 /* Build configuration list for PBXNativeTarget "DSChatKit" */ = {
			isa = XCConfigurationList;
			buildConfigurations = (
				77E0B6A41F7D2EE700154EF9 /* Debug */,
				77E0B6A51F7D2EE700154EF9 /* Release */,
			);
			defaultConfigurationIsVisible = 0;
			defaultConfigurationName = Release;
		};
		77E0B6A61F7D2EE700154EF9 /* Build configuration list for PBXNativeTarget "DSChatKitTests" */ = {
			isa = XCConfigurationList;
			buildConfigurations = (
				77E0B6A71F7D2EE700154EF9 /* Debug */,
				77E0B6A81F7D2EE700154EF9 /* Release */,
			);
			defaultConfigurationIsVisible = 0;
			defaultConfigurationName = Release;
		};
		77E0B6A91F7D2EE700154EF9 /* Build configuration list for PBXNativeTarget "DSChatKitUITests" */ = {
			isa = XCConfigurationList;
			buildConfigurations = (
				77E0B6AA1F7D2EE700154EF9 /* Debug */,
				77E0B6AB1F7D2EE700154EF9 /* Release */,
			);
			defaultConfigurationIsVisible = 0;
			defaultConfigurationName = Release;
		};
/* End XCConfigurationList section */
	};
	rootObject = 77E0B66F1F7D2EE700154EF9 /* Project object */;
}
