// !$*UTF8*$!
{
	archiveVersion = 1;
	classes = {
	};
	objectVersion = 48;
	objects = {

/* Begin PBXBuildFile section */
		6D18EDF693BF93FF08692580 /* libPods-DSChatKit.a in Frameworks */ = {isa = PBXBuildFile; fileRef = B8CD485CDB119023D44738AA /* libPods-DSChatKit.a */; };
		7704C6E91FBD968200064B3F /* UITableView+DSCategory.m in Sources */ = {isa = PBXBuildFile; fileRef = 7704C6E81FBD968200064B3F /* UITableView+DSCategory.m */; };
		7704C6ED1FBDB7CC00064B3F /* DSMessageCell.m in Sources */ = {isa = PBXBuildFile; fileRef = 7704C6EC1FBDB7CC00064B3F /* DSMessageCell.m */; };
		77330C761FBE72E500DE37FF /* DSChatKitNotificationFirer.m in Sources */ = {isa = PBXBuildFile; fileRef = 77330C751FBE72E500DE37FF /* DSChatKitNotificationFirer.m */; };
		77330C811FBF092900DE37FF /* DSTimestampModel.m in Sources */ = {isa = PBXBuildFile; fileRef = 77330C7B1FBF092900DE37FF /* DSTimestampModel.m */; };
		77330C821FBF092900DE37FF /* DSMessageModel.m in Sources */ = {isa = PBXBuildFile; fileRef = 77330C7D1FBF092900DE37FF /* DSMessageModel.m */; };
		77330C831FBF092900DE37FF /* DSMessage.m in Sources */ = {isa = PBXBuildFile; fileRef = 77330C7E1FBF092900DE37FF /* DSMessage.m */; };
		77330C841FBF092900DE37FF /* DSSession.m in Sources */ = {isa = PBXBuildFile; fileRef = 77330C801FBF092900DE37FF /* DSSession.m */; };
		77330C871FBF097F00DE37FF /* DSMessageCellFactory.m in Sources */ = {isa = PBXBuildFile; fileRef = 77330C861FBF097F00DE37FF /* DSMessageCellFactory.m */; };
		77330C8A1FBF0A9500DE37FF /* DSSessionTimestampCell.m in Sources */ = {isa = PBXBuildFile; fileRef = 77330C891FBF0A9500DE37FF /* DSSessionTimestampCell.m */; };
		77330C8D1FBF0D6100DE37FF /* DSAvatarImageView.m in Sources */ = {isa = PBXBuildFile; fileRef = 77330C8C1FBF0D6100DE37FF /* DSAvatarImageView.m */; };
		774263491F8EF988002BDA84 /* UIImage+DSCategory.m in Sources */ = {isa = PBXBuildFile; fileRef = 774263481F8EF988002BDA84 /* UIImage+DSCategory.m */; };
		7742634C1F8EFDDE002BDA84 /* DSChatKit.m in Sources */ = {isa = PBXBuildFile; fileRef = 7742634B1F8EFDDE002BDA84 /* DSChatKit.m */; };
		77450EDB1FC5094E00324787 /* DSChatKitInfoFetchOption.m in Sources */ = {isa = PBXBuildFile; fileRef = 77450EDA1FC5094E00324787 /* DSChatKitInfoFetchOption.m */; };
		77450EDE1FC50F1700324787 /* DSChatKitInfo.m in Sources */ = {isa = PBXBuildFile; fileRef = 77450EDD1FC50F1700324787 /* DSChatKitInfo.m */; };
		77450EE31FC5551400324787 /* DSChatKitUtil.m in Sources */ = {isa = PBXBuildFile; fileRef = 77450EE21FC5551400324787 /* DSChatKitUtil.m */; };
		7758F90B1FC035EE005E86F9 /* DSSessionMessageContentView.m in Sources */ = {isa = PBXBuildFile; fileRef = 7758F90A1FC035EE005E86F9 /* DSSessionMessageContentView.m */; };
		7758F90E1FC03741005E86F9 /* DSBadgeView.m in Sources */ = {isa = PBXBuildFile; fileRef = 7758F90D1FC03741005E86F9 /* DSBadgeView.m */; };
		775CE0C11F7E8D9B00E399B5 /* DSInputTextView.m in Sources */ = {isa = PBXBuildFile; fileRef = 775CE0C01F7E8D9B00E399B5 /* DSInputTextView.m */; };
		7763DF6F1F95E12F00E29431 /* DSInputAtCache.m in Sources */ = {isa = PBXBuildFile; fileRef = 7763DF6E1F95E12F00E29431 /* DSInputAtCache.m */; };
		777792811F90567900752427 /* DSInputEmojiButton.m in Sources */ = {isa = PBXBuildFile; fileRef = 777792801F90567900752427 /* DSInputEmojiButton.m */; };
		777792841F90DE6500752427 /* DSInputAudioRecordView.m in Sources */ = {isa = PBXBuildFile; fileRef = 777792831F90DE6500752427 /* DSInputAudioRecordView.m */; };
		778580101F8E110F005187B5 /* DSInputEmojiView.m in Sources */ = {isa = PBXBuildFile; fileRef = 7785800F1F8E110F005187B5 /* DSInputEmojiView.m */; };
		778580131F8E146B005187B5 /* DSInputEmojiBottomView.m in Sources */ = {isa = PBXBuildFile; fileRef = 778580121F8E146B005187B5 /* DSInputEmojiBottomView.m */; };
		778580191F8E1E36005187B5 /* DSInputEmojiManager.m in Sources */ = {isa = PBXBuildFile; fileRef = 778580181F8E1E36005187B5 /* DSInputEmojiManager.m */; };
		7785801B1F8E244A005187B5 /* DSInputEmoji.bundle in Resources */ = {isa = PBXBuildFile; fileRef = 7785801A1F8E244A005187B5 /* DSInputEmoji.bundle */; };
		7789B3681FC40C3400005E2B /* DSChatKitEvent.m in Sources */ = {isa = PBXBuildFile; fileRef = 7789B3671FC40C3400005E2B /* DSChatKitEvent.m */; };
		7789B36D1FC4145000005E2B /* DSChatKitUIConfig.m in Sources */ = {isa = PBXBuildFile; fileRef = 7789B36C1FC4145000005E2B /* DSChatKitUIConfig.m */; };
		7791C61F1F8755FF00D69DAA /* DSInputToolView.m in Sources */ = {isa = PBXBuildFile; fileRef = 77E0B6AF1F7D2F0C00154EF9 /* DSInputToolView.m */; };
		7791C6201F87561400D69DAA /* DSInputView.m in Sources */ = {isa = PBXBuildFile; fileRef = 77E0B6B11F7D2F0C00154EF9 /* DSInputView.m */; };
		7791C6231F87888500D69DAA /* DSInputMoreView.m in Sources */ = {isa = PBXBuildFile; fileRef = 7791C6221F87888500D69DAA /* DSInputMoreView.m */; };
		7791C6271F87899100D69DAA /* DSPageView.m in Sources */ = {isa = PBXBuildFile; fileRef = 7791C6261F87899100D69DAA /* DSPageView.m */; };
		779225791FC7B7BD00092ECD /* icon_session_time_bg@3x.png in Resources */ = {isa = PBXBuildFile; fileRef = 779225771FC7B7BC00092ECD /* icon_session_time_bg@3x.png */; };
		7792257A1FC7B7BD00092ECD /* icon_session_time_bg@2x.png in Resources */ = {isa = PBXBuildFile; fileRef = 779225781FC7B7BD00092ECD /* icon_session_time_bg@2x.png */; };
		7795AC401F7F38490034CD3C /* DSInputScrollTextView.m in Sources */ = {isa = PBXBuildFile; fileRef = 7795AC3F1F7F38490034CD3C /* DSInputScrollTextView.m */; };
		77992D7A1FCBA4B40064E804 /* DSsessionTextContentView.m in Sources */ = {isa = PBXBuildFile; fileRef = 77992D791FCBA4B40064E804 /* DSsessionTextContentView.m */; };
		77992D7D1FCBB0990064E804 /* DSInputEmojiParser.m in Sources */ = {isa = PBXBuildFile; fileRef = 77992D7C1FCBB0990064E804 /* DSInputEmojiParser.m */; };
		77992D801FCC25A40064E804 /* DSSessionUnknowContentView.m in Sources */ = {isa = PBXBuildFile; fileRef = 77992D7F1FCC25A40064E804 /* DSSessionUnknowContentView.m */; };
		77992D831FCC28A40064E804 /* DSSessionImageContentView.m in Sources */ = {isa = PBXBuildFile; fileRef = 77992D821FCC28A40064E804 /* DSSessionImageContentView.m */; };
		77992D861FCC2ADF0064E804 /* DSLoadProgressView.m in Sources */ = {isa = PBXBuildFile; fileRef = 77992D851FCC2ADF0064E804 /* DSLoadProgressView.m */; };
		779D92001FC267BC006C8282 /* icon_message_cell_error@2x.png in Resources */ = {isa = PBXBuildFile; fileRef = 779D91FE1FC267BB006C8282 /* icon_message_cell_error@2x.png */; };
		779D92011FC267BC006C8282 /* icon_message_cell_error@3x.png in Resources */ = {isa = PBXBuildFile; fileRef = 779D91FF1FC267BB006C8282 /* icon_message_cell_error@3x.png */; };
		77A3C2FD1F88C7C500F2DA07 /* DSMediaItem.m in Sources */ = {isa = PBXBuildFile; fileRef = 77A3C2FC1F88C7C500F2DA07 /* DSMediaItem.m */; };
		77A49BA41F973B4500F7DD10 /* DSSessionViewController.m in Sources */ = {isa = PBXBuildFile; fileRef = 77A49BA31F973B4500F7DD10 /* DSSessionViewController.m */; };
		77C6D6191F9DFA7D00C138FB /* DSSessionMsgDataSource.m in Sources */ = {isa = PBXBuildFile; fileRef = 77C6D6181F9DFA7D00C138FB /* DSSessionMsgDataSource.m */; };
		77E0B67C1F7D2EE700154EF9 /* AppDelegate.m in Sources */ = {isa = PBXBuildFile; fileRef = 77E0B67B1F7D2EE700154EF9 /* AppDelegate.m */; };
		77E0B67F1F7D2EE700154EF9 /* ViewController.m in Sources */ = {isa = PBXBuildFile; fileRef = 77E0B67E1F7D2EE700154EF9 /* ViewController.m */; };
		77E0B6821F7D2EE700154EF9 /* Main.storyboard in Resources */ = {isa = PBXBuildFile; fileRef = 77E0B6801F7D2EE700154EF9 /* Main.storyboard */; };
		77E0B6841F7D2EE700154EF9 /* Assets.xcassets in Resources */ = {isa = PBXBuildFile; fileRef = 77E0B6831F7D2EE700154EF9 /* Assets.xcassets */; };
		77E0B6871F7D2EE700154EF9 /* LaunchScreen.storyboard in Resources */ = {isa = PBXBuildFile; fileRef = 77E0B6851F7D2EE700154EF9 /* LaunchScreen.storyboard */; };
		77E0B68A1F7D2EE700154EF9 /* main.m in Sources */ = {isa = PBXBuildFile; fileRef = 77E0B6891F7D2EE700154EF9 /* main.m */; };
		77E0B6941F7D2EE700154EF9 /* DSChatKitTests.m in Sources */ = {isa = PBXBuildFile; fileRef = 77E0B6931F7D2EE700154EF9 /* DSChatKitTests.m */; };
		77E0B69F1F7D2EE700154EF9 /* DSChatKitUITests.m in Sources */ = {isa = PBXBuildFile; fileRef = 77E0B69E1F7D2EE700154EF9 /* DSChatKitUITests.m */; };
		77E51FE91F9841D400EE0334 /* UIView+DSCategory.m in Sources */ = {isa = PBXBuildFile; fileRef = 7795AC3C1F7F2EA80034CD3C /* UIView+DSCategory.m */; };
		77E51FED1F98C06400EE0334 /* DSSessionConnecter.m in Sources */ = {isa = PBXBuildFile; fileRef = 77E51FEC1F98C06400EE0334 /* DSSessionConnecter.m */; };
		77E51FF01F98C4E700EE0334 /* DSSessionTableAdapter.m in Sources */ = {isa = PBXBuildFile; fileRef = 77E51FEF1F98C4E700EE0334 /* DSSessionTableAdapter.m */; };
		77E51FF31F98C5ED00EE0334 /* DSSessionDataSource.m in Sources */ = {isa = PBXBuildFile; fileRef = 77E51FF21F98C5ED00EE0334 /* DSSessionDataSource.m */; };
		77E51FF61F98C64F00EE0334 /* DSSessionLayout.m in Sources */ = {isa = PBXBuildFile; fileRef = 77E51FF51F98C64F00EE0334 /* DSSessionLayout.m */; };
		77E51FF91F98C70F00EE0334 /* DSSessionInteractor.m in Sources */ = {isa = PBXBuildFile; fileRef = 77E51FF81F98C70F00EE0334 /* DSSessionInteractor.m */; };
		77FA8FBA1FCCF80C006FBFEA /* DSImageObject.m in Sources */ = {isa = PBXBuildFile; fileRef = 77FA8FB91FCCF80C006FBFEA /* DSImageObject.m */; };
		77FA8FBE1FCD5383006FBFEA /* DSSessionVideoContentView.m in Sources */ = {isa = PBXBuildFile; fileRef = 77FA8FBD1FCD5383006FBFEA /* DSSessionVideoContentView.m */; };
		77FA8FC11FCD5532006FBFEA /* icon_play_normal@2x.png in Resources */ = {isa = PBXBuildFile; fileRef = 77FA8FBF1FCD5532006FBFEA /* icon_play_normal@2x.png */; };
		77FA8FC21FCD5532006FBFEA /* icon_play_normal@3x.png in Resources */ = {isa = PBXBuildFile; fileRef = 77FA8FC01FCD5532006FBFEA /* icon_play_normal@3x.png */; };
		77FA8FC51FCD5AF9006FBFEA /* DSVideoObjcet.m in Sources */ = {isa = PBXBuildFile; fileRef = 77FA8FC41FCD5AF9006FBFEA /* DSVideoObjcet.m */; };
/* End PBXBuildFile section */

/* Begin PBXContainerItemProxy section */
		77E0B6901F7D2EE700154EF9 /* PBXContainerItemProxy */ = {
			isa = PBXContainerItemProxy;
			containerPortal = 77E0B66F1F7D2EE700154EF9 /* Project object */;
			proxyType = 1;
			remoteGlobalIDString = 77E0B6761F7D2EE700154EF9;
			remoteInfo = DSChatKit;
		};
		77E0B69B1F7D2EE700154EF9 /* PBXContainerItemProxy */ = {
			isa = PBXContainerItemProxy;
			containerPortal = 77E0B66F1F7D2EE700154EF9 /* Project object */;
			proxyType = 1;
			remoteGlobalIDString = 77E0B6761F7D2EE700154EF9;
			remoteInfo = DSChatKit;
		};
/* End PBXContainerItemProxy section */

/* Begin PBXFileReference section */
		7704C6E71FBD968200064B3F /* UITableView+DSCategory.h */ = {isa = PBXFileReference; lastKnownFileType = sourcecode.c.h; path = "UITableView+DSCategory.h"; sourceTree = "<group>"; };
		7704C6E81FBD968200064B3F /* UITableView+DSCategory.m */ = {isa = PBXFileReference; lastKnownFileType = sourcecode.c.objc; path = "UITableView+DSCategory.m"; sourceTree = "<group>"; };
		7704C6EB1FBDB7CC00064B3F /* DSMessageCell.h */ = {isa = PBXFileReference; lastKnownFileType = sourcecode.c.h; path = DSMessageCell.h; sourceTree = "<group>"; };
		7704C6EC1FBDB7CC00064B3F /* DSMessageCell.m */ = {isa = PBXFileReference; lastKnownFileType = sourcecode.c.objc; path = DSMessageCell.m; sourceTree = "<group>"; };
		772695EB1FBBCFBF00DBC9DF /* DSSessionPrivateProtocol.h */ = {isa = PBXFileReference; lastKnownFileType = sourcecode.c.h; path = DSSessionPrivateProtocol.h; sourceTree = "<group>"; };
		77330C741FBE72E500DE37FF /* DSChatKitNotificationFirer.h */ = {isa = PBXFileReference; lastKnownFileType = sourcecode.c.h; path = DSChatKitNotificationFirer.h; sourceTree = "<group>"; };
		77330C751FBE72E500DE37FF /* DSChatKitNotificationFirer.m */ = {isa = PBXFileReference; lastKnownFileType = sourcecode.c.objc; path = DSChatKitNotificationFirer.m; sourceTree = "<group>"; };
		77330C771FBE7B1200DE37FF /* DSSessionConfigurateProtocol.h */ = {isa = PBXFileReference; lastKnownFileType = sourcecode.c.h; path = DSSessionConfigurateProtocol.h; sourceTree = "<group>"; };
		77330C781FBF04F800DE37FF /* DSMessageCellDelegate.h */ = {isa = PBXFileReference; lastKnownFileType = sourcecode.c.h; path = DSMessageCellDelegate.h; sourceTree = "<group>"; };
		77330C791FBF092800DE37FF /* DSMessage.h */ = {isa = PBXFileReference; fileEncoding = 4; lastKnownFileType = sourcecode.c.h; path = DSMessage.h; sourceTree = "<group>"; };
		77330C7A1FBF092900DE37FF /* DSTimestampModel.h */ = {isa = PBXFileReference; fileEncoding = 4; lastKnownFileType = sourcecode.c.h; path = DSTimestampModel.h; sourceTree = "<group>"; };
		77330C7B1FBF092900DE37FF /* DSTimestampModel.m */ = {isa = PBXFileReference; fileEncoding = 4; lastKnownFileType = sourcecode.c.objc; path = DSTimestampModel.m; sourceTree = "<group>"; };
		77330C7C1FBF092900DE37FF /* DSSession.h */ = {isa = PBXFileReference; fileEncoding = 4; lastKnownFileType = sourcecode.c.h; path = DSSession.h; sourceTree = "<group>"; };
		77330C7D1FBF092900DE37FF /* DSMessageModel.m */ = {isa = PBXFileReference; fileEncoding = 4; lastKnownFileType = sourcecode.c.objc; path = DSMessageModel.m; sourceTree = "<group>"; };
		77330C7E1FBF092900DE37FF /* DSMessage.m */ = {isa = PBXFileReference; fileEncoding = 4; lastKnownFileType = sourcecode.c.objc; path = DSMessage.m; sourceTree = "<group>"; };
		77330C7F1FBF092900DE37FF /* DSMessageModel.h */ = {isa = PBXFileReference; fileEncoding = 4; lastKnownFileType = sourcecode.c.h; path = DSMessageModel.h; sourceTree = "<group>"; };
		77330C801FBF092900DE37FF /* DSSession.m */ = {isa = PBXFileReference; fileEncoding = 4; lastKnownFileType = sourcecode.c.objc; path = DSSession.m; sourceTree = "<group>"; };
		77330C851FBF097F00DE37FF /* DSMessageCellFactory.h */ = {isa = PBXFileReference; lastKnownFileType = sourcecode.c.h; path = DSMessageCellFactory.h; sourceTree = "<group>"; };
		77330C861FBF097F00DE37FF /* DSMessageCellFactory.m */ = {isa = PBXFileReference; lastKnownFileType = sourcecode.c.objc; path = DSMessageCellFactory.m; sourceTree = "<group>"; };
		77330C881FBF0A9500DE37FF /* DSSessionTimestampCell.h */ = {isa = PBXFileReference; lastKnownFileType = sourcecode.c.h; path = DSSessionTimestampCell.h; sourceTree = "<group>"; };
		77330C891FBF0A9500DE37FF /* DSSessionTimestampCell.m */ = {isa = PBXFileReference; lastKnownFileType = sourcecode.c.objc; path = DSSessionTimestampCell.m; sourceTree = "<group>"; };
		77330C8B1FBF0D6100DE37FF /* DSAvatarImageView.h */ = {isa = PBXFileReference; lastKnownFileType = sourcecode.c.h; path = DSAvatarImageView.h; sourceTree = "<group>"; };
		77330C8C1FBF0D6100DE37FF /* DSAvatarImageView.m */ = {isa = PBXFileReference; lastKnownFileType = sourcecode.c.objc; path = DSAvatarImageView.m; sourceTree = "<group>"; };
		774263471F8EF988002BDA84 /* UIImage+DSCategory.h */ = {isa = PBXFileReference; lastKnownFileType = sourcecode.c.h; path = "UIImage+DSCategory.h"; sourceTree = "<group>"; };
		774263481F8EF988002BDA84 /* UIImage+DSCategory.m */ = {isa = PBXFileReference; lastKnownFileType = sourcecode.c.objc; path = "UIImage+DSCategory.m"; sourceTree = "<group>"; };
		7742634A1F8EFDDE002BDA84 /* DSChatKit.h */ = {isa = PBXFileReference; lastKnownFileType = sourcecode.c.h; path = DSChatKit.h; sourceTree = "<group>"; };
		7742634B1F8EFDDE002BDA84 /* DSChatKit.m */ = {isa = PBXFileReference; lastKnownFileType = sourcecode.c.objc; path = DSChatKit.m; sourceTree = "<group>"; };
		77450ED91FC5094E00324787 /* DSChatKitInfoFetchOption.h */ = {isa = PBXFileReference; lastKnownFileType = sourcecode.c.h; path = DSChatKitInfoFetchOption.h; sourceTree = "<group>"; };
		77450EDA1FC5094E00324787 /* DSChatKitInfoFetchOption.m */ = {isa = PBXFileReference; lastKnownFileType = sourcecode.c.objc; path = DSChatKitInfoFetchOption.m; sourceTree = "<group>"; };
		77450EDC1FC50F1700324787 /* DSChatKitInfo.h */ = {isa = PBXFileReference; lastKnownFileType = sourcecode.c.h; path = DSChatKitInfo.h; sourceTree = "<group>"; };
		77450EDD1FC50F1700324787 /* DSChatKitInfo.m */ = {isa = PBXFileReference; lastKnownFileType = sourcecode.c.objc; path = DSChatKitInfo.m; sourceTree = "<group>"; };
		77450EDF1FC52CF800324787 /* DSChatKitDependency.h */ = {isa = PBXFileReference; lastKnownFileType = sourcecode.c.h; path = DSChatKitDependency.h; sourceTree = "<group>"; };
		77450EE11FC5551400324787 /* DSChatKitUtil.h */ = {isa = PBXFileReference; lastKnownFileType = sourcecode.c.h; path = DSChatKitUtil.h; sourceTree = "<group>"; };
		77450EE21FC5551400324787 /* DSChatKitUtil.m */ = {isa = PBXFileReference; lastKnownFileType = sourcecode.c.objc; path = DSChatKitUtil.m; sourceTree = "<group>"; };
		7758F9091FC035EE005E86F9 /* DSSessionMessageContentView.h */ = {isa = PBXFileReference; lastKnownFileType = sourcecode.c.h; path = DSSessionMessageContentView.h; sourceTree = "<group>"; };
		7758F90A1FC035EE005E86F9 /* DSSessionMessageContentView.m */ = {isa = PBXFileReference; lastKnownFileType = sourcecode.c.objc; path = DSSessionMessageContentView.m; sourceTree = "<group>"; };
		7758F90C1FC03741005E86F9 /* DSBadgeView.h */ = {isa = PBXFileReference; lastKnownFileType = sourcecode.c.h; path = DSBadgeView.h; sourceTree = "<group>"; };
		7758F90D1FC03741005E86F9 /* DSBadgeView.m */ = {isa = PBXFileReference; lastKnownFileType = sourcecode.c.objc; path = DSBadgeView.m; sourceTree = "<group>"; };
		775CE0BF1F7E8D9B00E399B5 /* DSInputTextView.h */ = {isa = PBXFileReference; lastKnownFileType = sourcecode.c.h; path = DSInputTextView.h; sourceTree = "<group>"; };
		775CE0C01F7E8D9B00E399B5 /* DSInputTextView.m */ = {isa = PBXFileReference; lastKnownFileType = sourcecode.c.objc; path = DSInputTextView.m; sourceTree = "<group>"; };
		775F2E661FC3DC45007397BD /* DSCellLayoutConfig.h */ = {isa = PBXFileReference; lastKnownFileType = sourcecode.c.h; path = DSCellLayoutConfig.h; sourceTree = "<group>"; };
		7763DF6D1F95E12F00E29431 /* DSInputAtCache.h */ = {isa = PBXFileReference; lastKnownFileType = sourcecode.c.h; path = DSInputAtCache.h; sourceTree = "<group>"; };
		7763DF6E1F95E12F00E29431 /* DSInputAtCache.m */ = {isa = PBXFileReference; lastKnownFileType = sourcecode.c.objc; path = DSInputAtCache.m; sourceTree = "<group>"; };
		7777927F1F90567900752427 /* DSInputEmojiButton.h */ = {isa = PBXFileReference; lastKnownFileType = sourcecode.c.h; path = DSInputEmojiButton.h; sourceTree = "<group>"; };
		777792801F90567900752427 /* DSInputEmojiButton.m */ = {isa = PBXFileReference; lastKnownFileType = sourcecode.c.objc; path = DSInputEmojiButton.m; sourceTree = "<group>"; };
		777792821F90DE6500752427 /* DSInputAudioRecordView.h */ = {isa = PBXFileReference; lastKnownFileType = sourcecode.c.h; path = DSInputAudioRecordView.h; sourceTree = "<group>"; };
		777792831F90DE6500752427 /* DSInputAudioRecordView.m */ = {isa = PBXFileReference; lastKnownFileType = sourcecode.c.objc; path = DSInputAudioRecordView.m; sourceTree = "<group>"; };
		7785800E1F8E110F005187B5 /* DSInputEmojiView.h */ = {isa = PBXFileReference; lastKnownFileType = sourcecode.c.h; path = DSInputEmojiView.h; sourceTree = "<group>"; };
		7785800F1F8E110F005187B5 /* DSInputEmojiView.m */ = {isa = PBXFileReference; lastKnownFileType = sourcecode.c.objc; path = DSInputEmojiView.m; sourceTree = "<group>"; };
		778580111F8E146B005187B5 /* DSInputEmojiBottomView.h */ = {isa = PBXFileReference; lastKnownFileType = sourcecode.c.h; path = DSInputEmojiBottomView.h; sourceTree = "<group>"; };
		778580121F8E146B005187B5 /* DSInputEmojiBottomView.m */ = {isa = PBXFileReference; lastKnownFileType = sourcecode.c.objc; path = DSInputEmojiBottomView.m; sourceTree = "<group>"; };
		778580171F8E1E36005187B5 /* DSInputEmojiManager.h */ = {isa = PBXFileReference; lastKnownFileType = sourcecode.c.h; path = DSInputEmojiManager.h; sourceTree = "<group>"; };
		778580181F8E1E36005187B5 /* DSInputEmojiManager.m */ = {isa = PBXFileReference; lastKnownFileType = sourcecode.c.objc; path = DSInputEmojiManager.m; sourceTree = "<group>"; };
		7785801A1F8E244A005187B5 /* DSInputEmoji.bundle */ = {isa = PBXFileReference; lastKnownFileType = "wrapper.plug-in"; path = DSInputEmoji.bundle; sourceTree = "<group>"; };
		7789B3661FC40C3400005E2B /* DSChatKitEvent.h */ = {isa = PBXFileReference; lastKnownFileType = sourcecode.c.h; path = DSChatKitEvent.h; sourceTree = "<group>"; };
		7789B3671FC40C3400005E2B /* DSChatKitEvent.m */ = {isa = PBXFileReference; lastKnownFileType = sourcecode.c.objc; path = DSChatKitEvent.m; sourceTree = "<group>"; };
		7789B36A1FC4142F00005E2B /* DSChatKitMacro.h */ = {isa = PBXFileReference; lastKnownFileType = sourcecode.c.h; path = DSChatKitMacro.h; sourceTree = "<group>"; };
		7789B36B1FC4145000005E2B /* DSChatKitUIConfig.h */ = {isa = PBXFileReference; lastKnownFileType = sourcecode.c.h; path = DSChatKitUIConfig.h; sourceTree = "<group>"; };
		7789B36C1FC4145000005E2B /* DSChatKitUIConfig.m */ = {isa = PBXFileReference; lastKnownFileType = sourcecode.c.objc; path = DSChatKitUIConfig.m; sourceTree = "<group>"; };
		7789B36E1FC422A000005E2B /* DSGlobalDefs.h */ = {isa = PBXFileReference; lastKnownFileType = sourcecode.c.h; path = DSGlobalDefs.h; sourceTree = "<group>"; };
		7791C60A1F8724B500D69DAA /* input_keyboard_highlight@3x.png */ = {isa = PBXFileReference; lastKnownFileType = image.png; path = "input_keyboard_highlight@3x.png"; sourceTree = "<group>"; };
		7791C60B1F8724B500D69DAA /* input_keyboard_normal@3x.png */ = {isa = PBXFileReference; lastKnownFileType = image.png; path = "input_keyboard_normal@3x.png"; sourceTree = "<group>"; };
		7791C60C1F8724B500D69DAA /* input_more_normal@2x.png */ = {isa = PBXFileReference; lastKnownFileType = image.png; path = "input_more_normal@2x.png"; sourceTree = "<group>"; };
		7791C60D1F8724B600D69DAA /* input_keyboard_normal@2x.png */ = {isa = PBXFileReference; lastKnownFileType = image.png; path = "input_keyboard_normal@2x.png"; sourceTree = "<group>"; };
		7791C60E1F8724B600D69DAA /* input_more_highlight@3x.png */ = {isa = PBXFileReference; lastKnownFileType = image.png; path = "input_more_highlight@3x.png"; sourceTree = "<group>"; };
		7791C60F1F8724B600D69DAA /* input_keyboard_highlight@2x.png */ = {isa = PBXFileReference; lastKnownFileType = image.png; path = "input_keyboard_highlight@2x.png"; sourceTree = "<group>"; };
		7791C6101F8724B600D69DAA /* input_more_normal@3x.png */ = {isa = PBXFileReference; lastKnownFileType = image.png; path = "input_more_normal@3x.png"; sourceTree = "<group>"; };
		7791C6111F8724B600D69DAA /* input_more_highlight@2x.png */ = {isa = PBXFileReference; lastKnownFileType = image.png; path = "input_more_highlight@2x.png"; sourceTree = "<group>"; };
		7791C6121F8724C600D69DAA /* input_emoji_highlight@3x.png */ = {isa = PBXFileReference; lastKnownFileType = image.png; path = "input_emoji_highlight@3x.png"; sourceTree = "<group>"; };
		7791C6131F8724C600D69DAA /* input_emoji_normal@3x.png */ = {isa = PBXFileReference; lastKnownFileType = image.png; path = "input_emoji_normal@3x.png"; sourceTree = "<group>"; };
		7791C6141F8724C600D69DAA /* input_emoji_highlight@2x.png */ = {isa = PBXFileReference; lastKnownFileType = image.png; path = "input_emoji_highlight@2x.png"; sourceTree = "<group>"; };
		7791C6151F8724C600D69DAA /* input_emoji_normal@2x.png */ = {isa = PBXFileReference; lastKnownFileType = image.png; path = "input_emoji_normal@2x.png"; sourceTree = "<group>"; };
		7791C6161F8724D100D69DAA /* input_voice_normal@2x.png */ = {isa = PBXFileReference; lastKnownFileType = image.png; path = "input_voice_normal@2x.png"; sourceTree = "<group>"; };
		7791C6171F8724D100D69DAA /* input_voice_highlight@3x.png */ = {isa = PBXFileReference; lastKnownFileType = image.png; path = "input_voice_highlight@3x.png"; sourceTree = "<group>"; };
		7791C6181F8724D100D69DAA /* input_voice_normal@3x.png */ = {isa = PBXFileReference; lastKnownFileType = image.png; path = "input_voice_normal@3x.png"; sourceTree = "<group>"; };
		7791C6191F8724D100D69DAA /* input_voice_highlight@2x.png */ = {isa = PBXFileReference; lastKnownFileType = image.png; path = "input_voice_highlight@2x.png"; sourceTree = "<group>"; };
		7791C61C1F872E1D00D69DAA /* input_text_bg@2x.png */ = {isa = PBXFileReference; lastKnownFileType = image.png; path = "input_text_bg@2x.png"; sourceTree = "<group>"; };
		7791C61D1F872E2000D69DAA /* input_text_bg@3x.png */ = {isa = PBXFileReference; lastKnownFileType = image.png; path = "input_text_bg@3x.png"; sourceTree = "<group>"; };
		7791C6211F87888500D69DAA /* DSInputMoreView.h */ = {isa = PBXFileReference; lastKnownFileType = sourcecode.c.h; path = DSInputMoreView.h; sourceTree = "<group>"; };
		7791C6221F87888500D69DAA /* DSInputMoreView.m */ = {isa = PBXFileReference; lastKnownFileType = sourcecode.c.objc; path = DSInputMoreView.m; sourceTree = "<group>"; };
		7791C6251F87899100D69DAA /* DSPageView.h */ = {isa = PBXFileReference; lastKnownFileType = sourcecode.c.h; path = DSPageView.h; sourceTree = "<group>"; };
		7791C6261F87899100D69DAA /* DSPageView.m */ = {isa = PBXFileReference; lastKnownFileType = sourcecode.c.objc; path = DSPageView.m; sourceTree = "<group>"; };
		779225771FC7B7BC00092ECD /* icon_session_time_bg@3x.png */ = {isa = PBXFileReference; lastKnownFileType = image.png; path = "icon_session_time_bg@3x.png"; sourceTree = "<group>"; };
		779225781FC7B7BD00092ECD /* icon_session_time_bg@2x.png */ = {isa = PBXFileReference; lastKnownFileType = image.png; path = "icon_session_time_bg@2x.png"; sourceTree = "<group>"; };
		7795AC3C1F7F2EA80034CD3C /* UIView+DSCategory.m */ = {isa = PBXFileReference; lastKnownFileType = sourcecode.c.objc; path = "UIView+DSCategory.m"; sourceTree = "<group>"; };
		7795AC3D1F7F2EA80034CD3C /* UIView+DSCategory.h */ = {isa = PBXFileReference; lastKnownFileType = sourcecode.c.h; path = "UIView+DSCategory.h"; sourceTree = "<group>"; };
		7795AC3E1F7F38490034CD3C /* DSInputScrollTextView.h */ = {isa = PBXFileReference; lastKnownFileType = sourcecode.c.h; path = DSInputScrollTextView.h; sourceTree = "<group>"; };
		7795AC3F1F7F38490034CD3C /* DSInputScrollTextView.m */ = {isa = PBXFileReference; lastKnownFileType = sourcecode.c.objc; path = DSInputScrollTextView.m; sourceTree = "<group>"; };
		77992D781FCBA4B40064E804 /* DSsessionTextContentView.h */ = {isa = PBXFileReference; lastKnownFileType = sourcecode.c.h; path = DSsessionTextContentView.h; sourceTree = "<group>"; };
		77992D791FCBA4B40064E804 /* DSsessionTextContentView.m */ = {isa = PBXFileReference; lastKnownFileType = sourcecode.c.objc; path = DSsessionTextContentView.m; sourceTree = "<group>"; };
		77992D7B1FCBB0990064E804 /* DSInputEmojiParser.h */ = {isa = PBXFileReference; lastKnownFileType = sourcecode.c.h; path = DSInputEmojiParser.h; sourceTree = "<group>"; };
		77992D7C1FCBB0990064E804 /* DSInputEmojiParser.m */ = {isa = PBXFileReference; lastKnownFileType = sourcecode.c.objc; path = DSInputEmojiParser.m; sourceTree = "<group>"; };
		77992D7E1FCC25A40064E804 /* DSSessionUnknowContentView.h */ = {isa = PBXFileReference; lastKnownFileType = sourcecode.c.h; path = DSSessionUnknowContentView.h; sourceTree = "<group>"; };
		77992D7F1FCC25A40064E804 /* DSSessionUnknowContentView.m */ = {isa = PBXFileReference; lastKnownFileType = sourcecode.c.objc; path = DSSessionUnknowContentView.m; sourceTree = "<group>"; };
		77992D811FCC28A40064E804 /* DSSessionImageContentView.h */ = {isa = PBXFileReference; lastKnownFileType = sourcecode.c.h; path = DSSessionImageContentView.h; sourceTree = "<group>"; };
		77992D821FCC28A40064E804 /* DSSessionImageContentView.m */ = {isa = PBXFileReference; lastKnownFileType = sourcecode.c.objc; path = DSSessionImageContentView.m; sourceTree = "<group>"; };
		77992D841FCC2ADF0064E804 /* DSLoadProgressView.h */ = {isa = PBXFileReference; lastKnownFileType = sourcecode.c.h; path = DSLoadProgressView.h; sourceTree = "<group>"; };
		77992D851FCC2ADF0064E804 /* DSLoadProgressView.m */ = {isa = PBXFileReference; lastKnownFileType = sourcecode.c.objc; path = DSLoadProgressView.m; sourceTree = "<group>"; };
		779D91FE1FC267BB006C8282 /* icon_message_cell_error@2x.png */ = {isa = PBXFileReference; lastKnownFileType = image.png; path = "icon_message_cell_error@2x.png"; sourceTree = "<group>"; };
		779D91FF1FC267BB006C8282 /* icon_message_cell_error@3x.png */ = {isa = PBXFileReference; lastKnownFileType = image.png; path = "icon_message_cell_error@3x.png"; sourceTree = "<group>"; };
		77A3C2FB1F88C7C500F2DA07 /* DSMediaItem.h */ = {isa = PBXFileReference; lastKnownFileType = sourcecode.c.h; path = DSMediaItem.h; sourceTree = "<group>"; };
		77A3C2FC1F88C7C500F2DA07 /* DSMediaItem.m */ = {isa = PBXFileReference; lastKnownFileType = sourcecode.c.objc; path = DSMediaItem.m; sourceTree = "<group>"; };
		77A3C3001F88CDF400F2DA07 /* DSSessionConfig.h */ = {isa = PBXFileReference; lastKnownFileType = sourcecode.c.h; path = DSSessionConfig.h; sourceTree = "<group>"; };
		77A49BA21F973B4500F7DD10 /* DSSessionViewController.h */ = {isa = PBXFileReference; lastKnownFileType = sourcecode.c.h; path = DSSessionViewController.h; sourceTree = "<group>"; };
		77A49BA31F973B4500F7DD10 /* DSSessionViewController.m */ = {isa = PBXFileReference; lastKnownFileType = sourcecode.c.objc; path = DSSessionViewController.m; sourceTree = "<group>"; };
		77A49BA61F974E1300F7DD10 /* DSInputActionDelegate.h */ = {isa = PBXFileReference; lastKnownFileType = sourcecode.c.h; path = DSInputActionDelegate.h; sourceTree = "<group>"; };
		77C6D6171F9DFA7D00C138FB /* DSSessionMsgDataSource.h */ = {isa = PBXFileReference; lastKnownFileType = sourcecode.c.h; path = DSSessionMsgDataSource.h; sourceTree = "<group>"; };
		77C6D6181F9DFA7D00C138FB /* DSSessionMsgDataSource.m */ = {isa = PBXFileReference; lastKnownFileType = sourcecode.c.objc; path = DSSessionMsgDataSource.m; sourceTree = "<group>"; };
		77C6D61A1F9E019F00C138FB /* DSChatKitMessageProvider.h */ = {isa = PBXFileReference; lastKnownFileType = sourcecode.c.h; path = DSChatKitMessageProvider.h; sourceTree = "<group>"; };
		77E0B6771F7D2EE700154EF9 /* DSChatKit.app */ = {isa = PBXFileReference; explicitFileType = wrapper.application; includeInIndex = 0; path = DSChatKit.app; sourceTree = BUILT_PRODUCTS_DIR; };
		77E0B67A1F7D2EE700154EF9 /* AppDelegate.h */ = {isa = PBXFileReference; lastKnownFileType = sourcecode.c.h; path = AppDelegate.h; sourceTree = "<group>"; };
		77E0B67B1F7D2EE700154EF9 /* AppDelegate.m */ = {isa = PBXFileReference; lastKnownFileType = sourcecode.c.objc; path = AppDelegate.m; sourceTree = "<group>"; };
		77E0B67D1F7D2EE700154EF9 /* ViewController.h */ = {isa = PBXFileReference; lastKnownFileType = sourcecode.c.h; path = ViewController.h; sourceTree = "<group>"; };
		77E0B67E1F7D2EE700154EF9 /* ViewController.m */ = {isa = PBXFileReference; lastKnownFileType = sourcecode.c.objc; path = ViewController.m; sourceTree = "<group>"; };
		77E0B6811F7D2EE700154EF9 /* Base */ = {isa = PBXFileReference; lastKnownFileType = file.storyboard; name = Base; path = Base.lproj/Main.storyboard; sourceTree = "<group>"; };
		77E0B6831F7D2EE700154EF9 /* Assets.xcassets */ = {isa = PBXFileReference; lastKnownFileType = folder.assetcatalog; path = Assets.xcassets; sourceTree = "<group>"; };
		77E0B6861F7D2EE700154EF9 /* Base */ = {isa = PBXFileReference; lastKnownFileType = file.storyboard; name = Base; path = Base.lproj/LaunchScreen.storyboard; sourceTree = "<group>"; };
		77E0B6881F7D2EE700154EF9 /* Info.plist */ = {isa = PBXFileReference; lastKnownFileType = text.plist.xml; path = Info.plist; sourceTree = "<group>"; };
		77E0B6891F7D2EE700154EF9 /* main.m */ = {isa = PBXFileReference; lastKnownFileType = sourcecode.c.objc; path = main.m; sourceTree = "<group>"; };
		77E0B68F1F7D2EE700154EF9 /* DSChatKitTests.xctest */ = {isa = PBXFileReference; explicitFileType = wrapper.cfbundle; includeInIndex = 0; path = DSChatKitTests.xctest; sourceTree = BUILT_PRODUCTS_DIR; };
		77E0B6931F7D2EE700154EF9 /* DSChatKitTests.m */ = {isa = PBXFileReference; lastKnownFileType = sourcecode.c.objc; path = DSChatKitTests.m; sourceTree = "<group>"; };
		77E0B6951F7D2EE700154EF9 /* Info.plist */ = {isa = PBXFileReference; lastKnownFileType = text.plist.xml; path = Info.plist; sourceTree = "<group>"; };
		77E0B69A1F7D2EE700154EF9 /* DSChatKitUITests.xctest */ = {isa = PBXFileReference; explicitFileType = wrapper.cfbundle; includeInIndex = 0; path = DSChatKitUITests.xctest; sourceTree = BUILT_PRODUCTS_DIR; };
		77E0B69E1F7D2EE700154EF9 /* DSChatKitUITests.m */ = {isa = PBXFileReference; lastKnownFileType = sourcecode.c.objc; path = DSChatKitUITests.m; sourceTree = "<group>"; };
		77E0B6A01F7D2EE700154EF9 /* Info.plist */ = {isa = PBXFileReference; lastKnownFileType = text.plist.xml; path = Info.plist; sourceTree = "<group>"; };
		77E0B6AE1F7D2F0C00154EF9 /* DSInputToolView.h */ = {isa = PBXFileReference; lastKnownFileType = sourcecode.c.h; path = DSInputToolView.h; sourceTree = "<group>"; };
		77E0B6AF1F7D2F0C00154EF9 /* DSInputToolView.m */ = {isa = PBXFileReference; lastKnownFileType = sourcecode.c.objc; path = DSInputToolView.m; sourceTree = "<group>"; };
		77E0B6B01F7D2F0C00154EF9 /* DSInputView.h */ = {isa = PBXFileReference; lastKnownFileType = sourcecode.c.h; path = DSInputView.h; sourceTree = "<group>"; };
		77E0B6B11F7D2F0C00154EF9 /* DSInputView.m */ = {isa = PBXFileReference; lastKnownFileType = sourcecode.c.objc; path = DSInputView.m; sourceTree = "<group>"; };
		77E51FEB1F98C06400EE0334 /* DSSessionConnecter.h */ = {isa = PBXFileReference; lastKnownFileType = sourcecode.c.h; path = DSSessionConnecter.h; sourceTree = "<group>"; };
		77E51FEC1F98C06400EE0334 /* DSSessionConnecter.m */ = {isa = PBXFileReference; lastKnownFileType = sourcecode.c.objc; path = DSSessionConnecter.m; sourceTree = "<group>"; };
		77E51FEE1F98C4E700EE0334 /* DSSessionTableAdapter.h */ = {isa = PBXFileReference; lastKnownFileType = sourcecode.c.h; path = DSSessionTableAdapter.h; sourceTree = "<group>"; };
		77E51FEF1F98C4E700EE0334 /* DSSessionTableAdapter.m */ = {isa = PBXFileReference; lastKnownFileType = sourcecode.c.objc; path = DSSessionTableAdapter.m; sourceTree = "<group>"; };
		77E51FF11F98C5ED00EE0334 /* DSSessionDataSource.h */ = {isa = PBXFileReference; lastKnownFileType = sourcecode.c.h; path = DSSessionDataSource.h; sourceTree = "<group>"; };
		77E51FF21F98C5ED00EE0334 /* DSSessionDataSource.m */ = {isa = PBXFileReference; lastKnownFileType = sourcecode.c.objc; path = DSSessionDataSource.m; sourceTree = "<group>"; };
		77E51FF41F98C64F00EE0334 /* DSSessionLayout.h */ = {isa = PBXFileReference; lastKnownFileType = sourcecode.c.h; path = DSSessionLayout.h; sourceTree = "<group>"; };
		77E51FF51F98C64F00EE0334 /* DSSessionLayout.m */ = {isa = PBXFileReference; lastKnownFileType = sourcecode.c.objc; path = DSSessionLayout.m; sourceTree = "<group>"; };
		77E51FF71F98C70F00EE0334 /* DSSessionInteractor.h */ = {isa = PBXFileReference; lastKnownFileType = sourcecode.c.h; path = DSSessionInteractor.h; sourceTree = "<group>"; };
		77E51FF81F98C70F00EE0334 /* DSSessionInteractor.m */ = {isa = PBXFileReference; lastKnownFileType = sourcecode.c.objc; path = DSSessionInteractor.m; sourceTree = "<group>"; };
		77FA8FB81FCCF80C006FBFEA /* DSImageObject.h */ = {isa = PBXFileReference; lastKnownFileType = sourcecode.c.h; path = DSImageObject.h; sourceTree = "<group>"; };
		77FA8FB91FCCF80C006FBFEA /* DSImageObject.m */ = {isa = PBXFileReference; lastKnownFileType = sourcecode.c.objc; path = DSImageObject.m; sourceTree = "<group>"; };
		77FA8FBB1FCCFA87006FBFEA /* DSMessageObject.h */ = {isa = PBXFileReference; lastKnownFileType = sourcecode.c.h; path = DSMessageObject.h; sourceTree = "<group>"; };
		77FA8FBC1FCD5383006FBFEA /* DSSessionVideoContentView.h */ = {isa = PBXFileReference; lastKnownFileType = sourcecode.c.h; path = DSSessionVideoContentView.h; sourceTree = "<group>"; };
		77FA8FBD1FCD5383006FBFEA /* DSSessionVideoContentView.m */ = {isa = PBXFileReference; lastKnownFileType = sourcecode.c.objc; path = DSSessionVideoContentView.m; sourceTree = "<group>"; };
		77FA8FBF1FCD5532006FBFEA /* icon_play_normal@2x.png */ = {isa = PBXFileReference; lastKnownFileType = image.png; path = "icon_play_normal@2x.png"; sourceTree = "<group>"; };
		77FA8FC01FCD5532006FBFEA /* icon_play_normal@3x.png */ = {isa = PBXFileReference; lastKnownFileType = image.png; path = "icon_play_normal@3x.png"; sourceTree = "<group>"; };
		77FA8FC31FCD5AF9006FBFEA /* DSVideoObjcet.h */ = {isa = PBXFileReference; lastKnownFileType = sourcecode.c.h; path = DSVideoObjcet.h; sourceTree = "<group>"; };
		77FA8FC41FCD5AF9006FBFEA /* DSVideoObjcet.m */ = {isa = PBXFileReference; lastKnownFileType = sourcecode.c.objc; path = DSVideoObjcet.m; sourceTree = "<group>"; };
		A27A3D83EF5EB11CA9846F7A /* Pods-DSChatKit.release.xcconfig */ = {isa = PBXFileReference; includeInIndex = 1; lastKnownFileType = text.xcconfig; name = "Pods-DSChatKit.release.xcconfig"; path = "Pods/Target Support Files/Pods-DSChatKit/Pods-DSChatKit.release.xcconfig"; sourceTree = "<group>"; };
		B8CD485CDB119023D44738AA /* libPods-DSChatKit.a */ = {isa = PBXFileReference; explicitFileType = archive.ar; includeInIndex = 0; path = "libPods-DSChatKit.a"; sourceTree = BUILT_PRODUCTS_DIR; };
		FDFD22B0EAB4ED659F15CBC2 /* Pods-DSChatKit.debug.xcconfig */ = {isa = PBXFileReference; includeInIndex = 1; lastKnownFileType = text.xcconfig; name = "Pods-DSChatKit.debug.xcconfig"; path = "Pods/Target Support Files/Pods-DSChatKit/Pods-DSChatKit.debug.xcconfig"; sourceTree = "<group>"; };
/* End PBXFileReference section */

/* Begin PBXFrameworksBuildPhase section */
		77E0B6741F7D2EE700154EF9 /* Frameworks */ = {
			isa = PBXFrameworksBuildPhase;
			buildActionMask = 2147483647;
			files = (
				6D18EDF693BF93FF08692580 /* libPods-DSChatKit.a in Frameworks */,
			);
			runOnlyForDeploymentPostprocessing = 0;
		};
		77E0B68C1F7D2EE700154EF9 /* Frameworks */ = {
			isa = PBXFrameworksBuildPhase;
			buildActionMask = 2147483647;
			files = (
			);
			runOnlyForDeploymentPostprocessing = 0;
		};
		77E0B6971F7D2EE700154EF9 /* Frameworks */ = {
			isa = PBXFrameworksBuildPhase;
			buildActionMask = 2147483647;
			files = (
			);
			runOnlyForDeploymentPostprocessing = 0;
		};
/* End PBXFrameworksBuildPhase section */

/* Begin PBXGroup section */
		6948F0C555EC6C1940557C04 /* Frameworks */ = {
			isa = PBXGroup;
			children = (
				B8CD485CDB119023D44738AA /* libPods-DSChatKit.a */,
			);
			name = Frameworks;
			sourceTree = "<group>";
		};
		7704C6EA1FBDB7B400064B3F /* View */ = {
			isa = PBXGroup;
			children = (
				7758F9081FC03565005E86F9 /* SessionContentView */,
				7704C6EB1FBDB7CC00064B3F /* DSMessageCell.h */,
				7704C6EC1FBDB7CC00064B3F /* DSMessageCell.m */,
				77330C881FBF0A9500DE37FF /* DSSessionTimestampCell.h */,
				77330C891FBF0A9500DE37FF /* DSSessionTimestampCell.m */,
			);
			path = View;
			sourceTree = "<group>";
		};
		77450EE01FC5543F00324787 /* Util */ = {
			isa = PBXGroup;
			children = (
				77450EE11FC5551400324787 /* DSChatKitUtil.h */,
				77450EE21FC5551400324787 /* DSChatKitUtil.m */,
			);
			path = Util;
			sourceTree = "<group>";
		};
		7758F9081FC03565005E86F9 /* SessionContentView */ = {
			isa = PBXGroup;
			children = (
				7758F9091FC035EE005E86F9 /* DSSessionMessageContentView.h */,
				7758F90A1FC035EE005E86F9 /* DSSessionMessageContentView.m */,
				77992D781FCBA4B40064E804 /* DSsessionTextContentView.h */,
				77992D791FCBA4B40064E804 /* DSsessionTextContentView.m */,
				77992D7E1FCC25A40064E804 /* DSSessionUnknowContentView.h */,
				77992D7F1FCC25A40064E804 /* DSSessionUnknowContentView.m */,
				77992D811FCC28A40064E804 /* DSSessionImageContentView.h */,
				77992D821FCC28A40064E804 /* DSSessionImageContentView.m */,
				77FA8FBC1FCD5383006FBFEA /* DSSessionVideoContentView.h */,
				77FA8FBD1FCD5383006FBFEA /* DSSessionVideoContentView.m */,
			);
			path = SessionContentView;
			sourceTree = "<group>";
		};
		7789B3691FC413F200005E2B /* Global */ = {
			isa = PBXGroup;
			children = (
				7789B36E1FC422A000005E2B /* DSGlobalDefs.h */,
				7789B36A1FC4142F00005E2B /* DSChatKitMacro.h */,
				77450EDF1FC52CF800324787 /* DSChatKitDependency.h */,
				7789B36B1FC4145000005E2B /* DSChatKitUIConfig.h */,
				7789B36C1FC4145000005E2B /* DSChatKitUIConfig.m */,
			);
			name = Global;
			path = DSChatKit/DSChatKit/Global;
			sourceTree = SOURCE_ROOT;
		};
		7791C6091F87249F00D69DAA /* Resources */ = {
			isa = PBXGroup;
			children = (
				7791C6111F8724B600D69DAA /* input_more_highlight@2x.png */,
				7791C60E1F8724B600D69DAA /* input_more_highlight@3x.png */,
				7791C6101F8724B600D69DAA /* input_more_normal@3x.png */,
				7791C60C1F8724B500D69DAA /* input_more_normal@2x.png */,
				7791C60F1F8724B600D69DAA /* input_keyboard_highlight@2x.png */,
				7791C60A1F8724B500D69DAA /* input_keyboard_highlight@3x.png */,
				7791C60B1F8724B500D69DAA /* input_keyboard_normal@3x.png */,
				7791C60D1F8724B600D69DAA /* input_keyboard_normal@2x.png */,
				7791C6141F8724C600D69DAA /* input_emoji_highlight@2x.png */,
				7791C6131F8724C600D69DAA /* input_emoji_normal@3x.png */,
				7791C6121F8724C600D69DAA /* input_emoji_highlight@3x.png */,
				7791C6151F8724C600D69DAA /* input_emoji_normal@2x.png */,
				7791C6191F8724D100D69DAA /* input_voice_highlight@2x.png */,
				7791C6171F8724D100D69DAA /* input_voice_highlight@3x.png */,
				7791C6181F8724D100D69DAA /* input_voice_normal@3x.png */,
				7791C6161F8724D100D69DAA /* input_voice_normal@2x.png */,
				7791C61C1F872E1D00D69DAA /* input_text_bg@2x.png */,
				7791C61D1F872E2000D69DAA /* input_text_bg@3x.png */,
				779D91FE1FC267BB006C8282 /* icon_message_cell_error@2x.png */,
				779D91FF1FC267BB006C8282 /* icon_message_cell_error@3x.png */,
				779225781FC7B7BD00092ECD /* icon_session_time_bg@2x.png */,
				779225771FC7B7BC00092ECD /* icon_session_time_bg@3x.png */,
				77FA8FBF1FCD5532006FBFEA /* icon_play_normal@2x.png */,
				77FA8FC01FCD5532006FBFEA /* icon_play_normal@3x.png */,
				7785801A1F8E244A005187B5 /* DSInputEmoji.bundle */,
			);
			path = Resources;
			sourceTree = "<group>";
		};
		7791C6241F87892300D69DAA /* Common */ = {
			isa = PBXGroup;
			children = (
				7791C6251F87899100D69DAA /* DSPageView.h */,
				7791C6261F87899100D69DAA /* DSPageView.m */,
				77330C741FBE72E500DE37FF /* DSChatKitNotificationFirer.h */,
				77330C751FBE72E500DE37FF /* DSChatKitNotificationFirer.m */,
				77330C8B1FBF0D6100DE37FF /* DSAvatarImageView.h */,
				77330C8C1FBF0D6100DE37FF /* DSAvatarImageView.m */,
				7758F90C1FC03741005E86F9 /* DSBadgeView.h */,
				7758F90D1FC03741005E86F9 /* DSBadgeView.m */,
				77992D841FCC2ADF0064E804 /* DSLoadProgressView.h */,
				77992D851FCC2ADF0064E804 /* DSLoadProgressView.m */,
			);
			path = Common;
			sourceTree = "<group>";
		};
		7795AC3B1F7F2E960034CD3C /* DSCategory */ = {
			isa = PBXGroup;
			children = (
				7795AC3D1F7F2EA80034CD3C /* UIView+DSCategory.h */,
				7795AC3C1F7F2EA80034CD3C /* UIView+DSCategory.m */,
				774263471F8EF988002BDA84 /* UIImage+DSCategory.h */,
				774263481F8EF988002BDA84 /* UIImage+DSCategory.m */,
				7704C6E71FBD968200064B3F /* UITableView+DSCategory.h */,
				7704C6E81FBD968200064B3F /* UITableView+DSCategory.m */,
			);
			path = DSCategory;
			sourceTree = "<group>";
		};
		77A3C2FA1F88C78300F2DA07 /* Model */ = {
			isa = PBXGroup;
			children = (
				77330C7C1FBF092900DE37FF /* DSSession.h */,
				77330C801FBF092900DE37FF /* DSSession.m */,
				77330C791FBF092800DE37FF /* DSMessage.h */,
				77330C7E1FBF092900DE37FF /* DSMessage.m */,
				77FA8FB81FCCF80C006FBFEA /* DSImageObject.h */,
				77FA8FB91FCCF80C006FBFEA /* DSImageObject.m */,
				77FA8FC31FCD5AF9006FBFEA /* DSVideoObjcet.h */,
				77FA8FC41FCD5AF9006FBFEA /* DSVideoObjcet.m */,
				77330C7F1FBF092900DE37FF /* DSMessageModel.h */,
				77330C7D1FBF092900DE37FF /* DSMessageModel.m */,
				77330C7A1FBF092900DE37FF /* DSTimestampModel.h */,
				77330C7B1FBF092900DE37FF /* DSTimestampModel.m */,
				77A3C2FB1F88C7C500F2DA07 /* DSMediaItem.h */,
				77A3C2FC1F88C7C500F2DA07 /* DSMediaItem.m */,
				7789B3661FC40C3400005E2B /* DSChatKitEvent.h */,
				7789B3671FC40C3400005E2B /* DSChatKitEvent.m */,
				77450ED91FC5094E00324787 /* DSChatKitInfoFetchOption.h */,
				77450EDA1FC5094E00324787 /* DSChatKitInfoFetchOption.m */,
				77450EDC1FC50F1700324787 /* DSChatKitInfo.h */,
				77450EDD1FC50F1700324787 /* DSChatKitInfo.m */,
			);
			path = Model;
			sourceTree = "<group>";
		};
		77A3C2FE1F88CBAA00F2DA07 /* Protocols */ = {
			isa = PBXGroup;
			children = (
				77A3C3001F88CDF400F2DA07 /* DSSessionConfig.h */,
				77C6D61A1F9E019F00C138FB /* DSChatKitMessageProvider.h */,
				77330C781FBF04F800DE37FF /* DSMessageCellDelegate.h */,
				775F2E661FC3DC45007397BD /* DSCellLayoutConfig.h */,
				77FA8FBB1FCCFA87006FBFEA /* DSMessageObject.h */,
			);
			path = Protocols;
			sourceTree = "<group>";
		};
		77A49BA11F973B3100F7DD10 /* Session */ = {
			isa = PBXGroup;
			children = (
				7704C6EA1FBDB7B400064B3F /* View */,
				77E51FFA1F98CA5C00EE0334 /* Model */,
				77E51FEA1F98BFF800EE0334 /* Helper */,
				77A49BA21F973B4500F7DD10 /* DSSessionViewController.h */,
				77A49BA31F973B4500F7DD10 /* DSSessionViewController.m */,
			);
			path = Session;
			sourceTree = "<group>";
		};
		77E0B66E1F7D2EE700154EF9 = {
			isa = PBXGroup;
			children = (
				77E0B6791F7D2EE700154EF9 /* DSChatKit */,
				77E0B6921F7D2EE700154EF9 /* DSChatKitTests */,
				77E0B69D1F7D2EE700154EF9 /* DSChatKitUITests */,
				77E0B6781F7D2EE700154EF9 /* Products */,
				C8042F4CB5F922F6684C935E /* Pods */,
				6948F0C555EC6C1940557C04 /* Frameworks */,
			);
			sourceTree = "<group>";
		};
		77E0B6781F7D2EE700154EF9 /* Products */ = {
			isa = PBXGroup;
			children = (
				77E0B6771F7D2EE700154EF9 /* DSChatKit.app */,
				77E0B68F1F7D2EE700154EF9 /* DSChatKitTests.xctest */,
				77E0B69A1F7D2EE700154EF9 /* DSChatKitUITests.xctest */,
			);
			name = Products;
			sourceTree = "<group>";
		};
		77E0B6791F7D2EE700154EF9 /* DSChatKit */ = {
			isa = PBXGroup;
			children = (
				77E0B6AC1F7D2F0C00154EF9 /* DSChatKit */,
				77E0B67A1F7D2EE700154EF9 /* AppDelegate.h */,
				77E0B67B1F7D2EE700154EF9 /* AppDelegate.m */,
				77E0B67D1F7D2EE700154EF9 /* ViewController.h */,
				77E0B67E1F7D2EE700154EF9 /* ViewController.m */,
				77E0B6801F7D2EE700154EF9 /* Main.storyboard */,
				77E0B6831F7D2EE700154EF9 /* Assets.xcassets */,
				77E0B6851F7D2EE700154EF9 /* LaunchScreen.storyboard */,
				77E0B6881F7D2EE700154EF9 /* Info.plist */,
				77E0B6891F7D2EE700154EF9 /* main.m */,
			);
			path = DSChatKit;
			sourceTree = "<group>";
		};
		77E0B6921F7D2EE700154EF9 /* DSChatKitTests */ = {
			isa = PBXGroup;
			children = (
				77E0B6931F7D2EE700154EF9 /* DSChatKitTests.m */,
				77E0B6951F7D2EE700154EF9 /* Info.plist */,
			);
			path = DSChatKitTests;
			sourceTree = "<group>";
		};
		77E0B69D1F7D2EE700154EF9 /* DSChatKitUITests */ = {
			isa = PBXGroup;
			children = (
				77E0B69E1F7D2EE700154EF9 /* DSChatKitUITests.m */,
				77E0B6A01F7D2EE700154EF9 /* Info.plist */,
			);
			path = DSChatKitUITests;
			sourceTree = "<group>";
		};
		77E0B6AC1F7D2F0C00154EF9 /* DSChatKit */ = {
			isa = PBXGroup;
			children = (
				7742634A1F8EFDDE002BDA84 /* DSChatKit.h */,
				7742634B1F8EFDDE002BDA84 /* DSChatKit.m */,
				7791C6091F87249F00D69DAA /* Resources */,
				7795AC3B1F7F2E960034CD3C /* DSCategory */,
				77E0B6AD1F7D2F0C00154EF9 /* DSInputView */,
				77A49BA11F973B3100F7DD10 /* Session */,
				7791C6241F87892300D69DAA /* Common */,
				77A3C2FE1F88CBAA00F2DA07 /* Protocols */,
				77A3C2FA1F88C78300F2DA07 /* Model */,
				7789B3691FC413F200005E2B /* Global */,
				77450EE01FC5543F00324787 /* Util */,
			);
			path = DSChatKit;
			sourceTree = "<group>";
		};
		77E0B6AD1F7D2F0C00154EF9 /* DSInputView */ = {
			isa = PBXGroup;
			children = (
				77E0B6B01F7D2F0C00154EF9 /* DSInputView.h */,
				77E0B6B11F7D2F0C00154EF9 /* DSInputView.m */,
				77E0B6AE1F7D2F0C00154EF9 /* DSInputToolView.h */,
				77E0B6AF1F7D2F0C00154EF9 /* DSInputToolView.m */,
				775CE0BF1F7E8D9B00E399B5 /* DSInputTextView.h */,
				775CE0C01F7E8D9B00E399B5 /* DSInputTextView.m */,
				7795AC3E1F7F38490034CD3C /* DSInputScrollTextView.h */,
				7795AC3F1F7F38490034CD3C /* DSInputScrollTextView.m */,
				7791C6211F87888500D69DAA /* DSInputMoreView.h */,
				7791C6221F87888500D69DAA /* DSInputMoreView.m */,
				7785800E1F8E110F005187B5 /* DSInputEmojiView.h */,
				7785800F1F8E110F005187B5 /* DSInputEmojiView.m */,
				778580111F8E146B005187B5 /* DSInputEmojiBottomView.h */,
				778580121F8E146B005187B5 /* DSInputEmojiBottomView.m */,
				778580171F8E1E36005187B5 /* DSInputEmojiManager.h */,
				778580181F8E1E36005187B5 /* DSInputEmojiManager.m */,
				7777927F1F90567900752427 /* DSInputEmojiButton.h */,
				777792801F90567900752427 /* DSInputEmojiButton.m */,
				777792821F90DE6500752427 /* DSInputAudioRecordView.h */,
				777792831F90DE6500752427 /* DSInputAudioRecordView.m */,
				7763DF6D1F95E12F00E29431 /* DSInputAtCache.h */,
				7763DF6E1F95E12F00E29431 /* DSInputAtCache.m */,
				77A49BA61F974E1300F7DD10 /* DSInputActionDelegate.h */,
				77992D7B1FCBB0990064E804 /* DSInputEmojiParser.h */,
				77992D7C1FCBB0990064E804 /* DSInputEmojiParser.m */,
			);
			path = DSInputView;
			sourceTree = "<group>";
		};
		77E51FEA1F98BFF800EE0334 /* Helper */ = {
			isa = PBXGroup;
			children = (
				772695EB1FBBCFBF00DBC9DF /* DSSessionPrivateProtocol.h */,
				77330C771FBE7B1200DE37FF /* DSSessionConfigurateProtocol.h */,
				77C6D6171F9DFA7D00C138FB /* DSSessionMsgDataSource.h */,
				77C6D6181F9DFA7D00C138FB /* DSSessionMsgDataSource.m */,
				77E51FF11F98C5ED00EE0334 /* DSSessionDataSource.h */,
				77E51FF21F98C5ED00EE0334 /* DSSessionDataSource.m */,
				77E51FF41F98C64F00EE0334 /* DSSessionLayout.h */,
				77E51FF51F98C64F00EE0334 /* DSSessionLayout.m */,
				77E51FF71F98C70F00EE0334 /* DSSessionInteractor.h */,
				77E51FF81F98C70F00EE0334 /* DSSessionInteractor.m */,
				77E51FEE1F98C4E700EE0334 /* DSSessionTableAdapter.h */,
				77E51FEF1F98C4E700EE0334 /* DSSessionTableAdapter.m */,
				77E51FEB1F98C06400EE0334 /* DSSessionConnecter.h */,
				77E51FEC1F98C06400EE0334 /* DSSessionConnecter.m */,
			);
			path = Helper;
			sourceTree = "<group>";
		};
		77E51FFA1F98CA5C00EE0334 /* Model */ = {
			isa = PBXGroup;
			children = (
				77330C851FBF097F00DE37FF /* DSMessageCellFactory.h */,
				77330C861FBF097F00DE37FF /* DSMessageCellFactory.m */,
			);
			path = Model;
			sourceTree = "<group>";
		};
		C8042F4CB5F922F6684C935E /* Pods */ = {
			isa = PBXGroup;
			children = (
				FDFD22B0EAB4ED659F15CBC2 /* Pods-DSChatKit.debug.xcconfig */,
				A27A3D83EF5EB11CA9846F7A /* Pods-DSChatKit.release.xcconfig */,
			);
			name = Pods;
			sourceTree = "<group>";
		};
/* End PBXGroup section */

/* Begin PBXNativeTarget section */
		77E0B6761F7D2EE700154EF9 /* DSChatKit */ = {
			isa = PBXNativeTarget;
			buildConfigurationList = 77E0B6A31F7D2EE700154EF9 /* Build configuration list for PBXNativeTarget "DSChatKit" */;
			buildPhases = (
				FFEE6E4734D1A93BC63A2975 /* [CP] Check Pods Manifest.lock */,
				77E0B6731F7D2EE700154EF9 /* Sources */,
				77E0B6741F7D2EE700154EF9 /* Frameworks */,
				77E0B6751F7D2EE700154EF9 /* Resources */,
				550B275C884A055CD6E7D9C4 /* [CP] Embed Pods Frameworks */,
				C62A5DCA6311E72AEBBE6026 /* [CP] Copy Pods Resources */,
			);
			buildRules = (
			);
			dependencies = (
			);
			name = DSChatKit;
			productName = DSChatKit;
			productReference = 77E0B6771F7D2EE700154EF9 /* DSChatKit.app */;
			productType = "com.apple.product-type.application";
		};
		77E0B68E1F7D2EE700154EF9 /* DSChatKitTests */ = {
			isa = PBXNativeTarget;
			buildConfigurationList = 77E0B6A61F7D2EE700154EF9 /* Build configuration list for PBXNativeTarget "DSChatKitTests" */;
			buildPhases = (
				77E0B68B1F7D2EE700154EF9 /* Sources */,
				77E0B68C1F7D2EE700154EF9 /* Frameworks */,
				77E0B68D1F7D2EE700154EF9 /* Resources */,
			);
			buildRules = (
			);
			dependencies = (
				77E0B6911F7D2EE700154EF9 /* PBXTargetDependency */,
			);
			name = DSChatKitTests;
			productName = DSChatKitTests;
			productReference = 77E0B68F1F7D2EE700154EF9 /* DSChatKitTests.xctest */;
			productType = "com.apple.product-type.bundle.unit-test";
		};
		77E0B6991F7D2EE700154EF9 /* DSChatKitUITests */ = {
			isa = PBXNativeTarget;
			buildConfigurationList = 77E0B6A91F7D2EE700154EF9 /* Build configuration list for PBXNativeTarget "DSChatKitUITests" */;
			buildPhases = (
				77E0B6961F7D2EE700154EF9 /* Sources */,
				77E0B6971F7D2EE700154EF9 /* Frameworks */,
				77E0B6981F7D2EE700154EF9 /* Resources */,
			);
			buildRules = (
			);
			dependencies = (
				77E0B69C1F7D2EE700154EF9 /* PBXTargetDependency */,
			);
			name = DSChatKitUITests;
			productName = DSChatKitUITests;
			productReference = 77E0B69A1F7D2EE700154EF9 /* DSChatKitUITests.xctest */;
			productType = "com.apple.product-type.bundle.ui-testing";
		};
/* End PBXNativeTarget section */

/* Begin PBXProject section */
		77E0B66F1F7D2EE700154EF9 /* Project object */ = {
			isa = PBXProject;
			attributes = {
				LastUpgradeCheck = 0900;
				ORGANIZATIONNAME = "黄铭达";
				TargetAttributes = {
					77E0B6761F7D2EE700154EF9 = {
						CreatedOnToolsVersion = 9.0;
						ProvisioningStyle = Automatic;
					};
					77E0B68E1F7D2EE700154EF9 = {
						CreatedOnToolsVersion = 9.0;
						ProvisioningStyle = Automatic;
						TestTargetID = 77E0B6761F7D2EE700154EF9;
					};
					77E0B6991F7D2EE700154EF9 = {
						CreatedOnToolsVersion = 9.0;
						ProvisioningStyle = Automatic;
						TestTargetID = 77E0B6761F7D2EE700154EF9;
					};
				};
			};
			buildConfigurationList = 77E0B6721F7D2EE700154EF9 /* Build configuration list for PBXProject "DSChatKit" */;
			compatibilityVersion = "Xcode 8.0";
			developmentRegion = en;
			hasScannedForEncodings = 0;
			knownRegions = (
				en,
				Base,
			);
			mainGroup = 77E0B66E1F7D2EE700154EF9;
			productRefGroup = 77E0B6781F7D2EE700154EF9 /* Products */;
			projectDirPath = "";
			projectRoot = "";
			targets = (
				77E0B6761F7D2EE700154EF9 /* DSChatKit */,
				77E0B68E1F7D2EE700154EF9 /* DSChatKitTests */,
				77E0B6991F7D2EE700154EF9 /* DSChatKitUITests */,
			);
		};
/* End PBXProject section */

/* Begin PBXResourcesBuildPhase section */
		77E0B6751F7D2EE700154EF9 /* Resources */ = {
			isa = PBXResourcesBuildPhase;
			buildActionMask = 2147483647;
			files = (
				779D92001FC267BC006C8282 /* icon_message_cell_error@2x.png in Resources */,
				779D92011FC267BC006C8282 /* icon_message_cell_error@3x.png in Resources */,
				7792257A1FC7B7BD00092ECD /* icon_session_time_bg@2x.png in Resources */,
				77E0B6871F7D2EE700154EF9 /* LaunchScreen.storyboard in Resources */,
				77E0B6841F7D2EE700154EF9 /* Assets.xcassets in Resources */,
				7785801B1F8E244A005187B5 /* DSInputEmoji.bundle in Resources */,
				779225791FC7B7BD00092ECD /* icon_session_time_bg@3x.png in Resources */,
				77FA8FC11FCD5532006FBFEA /* icon_play_normal@2x.png in Resources */,
				77E0B6821F7D2EE700154EF9 /* Main.storyboard in Resources */,
				77FA8FC21FCD5532006FBFEA /* icon_play_normal@3x.png in Resources */,
			);
			runOnlyForDeploymentPostprocessing = 0;
		};
		77E0B68D1F7D2EE700154EF9 /* Resources */ = {
			isa = PBXResourcesBuildPhase;
			buildActionMask = 2147483647;
			files = (
			);
			runOnlyForDeploymentPostprocessing = 0;
		};
		77E0B6981F7D2EE700154EF9 /* Resources */ = {
			isa = PBXResourcesBuildPhase;
			buildActionMask = 2147483647;
			files = (
			);
			runOnlyForDeploymentPostprocessing = 0;
		};
/* End PBXResourcesBuildPhase section */

/* Begin PBXShellScriptBuildPhase section */
		550B275C884A055CD6E7D9C4 /* [CP] Embed Pods Frameworks */ = {
			isa = PBXShellScriptBuildPhase;
			buildActionMask = 2147483647;
			files = (
			);
			inputPaths = (
			);
			name = "[CP] Embed Pods Frameworks";
			outputPaths = (
			);
			runOnlyForDeploymentPostprocessing = 0;
			shellPath = /bin/sh;
			shellScript = "\"${SRCROOT}/Pods/Target Support Files/Pods-DSChatKit/Pods-DSChatKit-frameworks.sh\"\n";
			showEnvVarsInLog = 0;
		};
		C62A5DCA6311E72AEBBE6026 /* [CP] Copy Pods Resources */ = {
			isa = PBXShellScriptBuildPhase;
			buildActionMask = 2147483647;
			files = (
			);
			inputPaths = (
			);
			name = "[CP] Copy Pods Resources";
			outputPaths = (
			);
			runOnlyForDeploymentPostprocessing = 0;
			shellPath = /bin/sh;
			shellScript = "\"${SRCROOT}/Pods/Target Support Files/Pods-DSChatKit/Pods-DSChatKit-resources.sh\"\n";
			showEnvVarsInLog = 0;
		};
		FFEE6E4734D1A93BC63A2975 /* [CP] Check Pods Manifest.lock */ = {
			isa = PBXShellScriptBuildPhase;
			buildActionMask = 2147483647;
			files = (
			);
			inputPaths = (
			);
			name = "[CP] Check Pods Manifest.lock";
			outputPaths = (
			);
			runOnlyForDeploymentPostprocessing = 0;
			shellPath = /bin/sh;
			shellScript = "diff \"${PODS_ROOT}/../Podfile.lock\" \"${PODS_ROOT}/Manifest.lock\" > /dev/null\nif [ $? != 0 ] ; then\n    # print error to STDERR\n    echo \"error: The sandbox is not in sync with the Podfile.lock. Run 'pod install' or update your CocoaPods installation.\" >&2\n    exit 1\nfi\n";
			showEnvVarsInLog = 0;
		};
/* End PBXShellScriptBuildPhase section */

/* Begin PBXSourcesBuildPhase section */
		77E0B6731F7D2EE700154EF9 /* Sources */ = {
			isa = PBXSourcesBuildPhase;
			buildActionMask = 2147483647;
			files = (
				77330C8A1FBF0A9500DE37FF /* DSSessionTimestampCell.m in Sources */,
				77450EE31FC5551400324787 /* DSChatKitUtil.m in Sources */,
				77A3C2FD1F88C7C500F2DA07 /* DSMediaItem.m in Sources */,
				77FA8FBA1FCCF80C006FBFEA /* DSImageObject.m in Sources */,
				7789B3681FC40C3400005E2B /* DSChatKitEvent.m in Sources */,
				778580191F8E1E36005187B5 /* DSInputEmojiManager.m in Sources */,
				77330C831FBF092900DE37FF /* DSMessage.m in Sources */,
				77450EDB1FC5094E00324787 /* DSChatKitInfoFetchOption.m in Sources */,
				77FA8FBE1FCD5383006FBFEA /* DSSessionVideoContentView.m in Sources */,
				77330C871FBF097F00DE37FF /* DSMessageCellFactory.m in Sources */,
				77FA8FC51FCD5AF9006FBFEA /* DSVideoObjcet.m in Sources */,
				7791C6201F87561400D69DAA /* DSInputView.m in Sources */,
				7763DF6F1F95E12F00E29431 /* DSInputAtCache.m in Sources */,
				77E51FF01F98C4E700EE0334 /* DSSessionTableAdapter.m in Sources */,
				77992D7A1FCBA4B40064E804 /* DSsessionTextContentView.m in Sources */,
				7789B36D1FC4145000005E2B /* DSChatKitUIConfig.m in Sources */,
				7704C6ED1FBDB7CC00064B3F /* DSMessageCell.m in Sources */,
				7791C6231F87888500D69DAA /* DSInputMoreView.m in Sources */,
				77E51FED1F98C06400EE0334 /* DSSessionConnecter.m in Sources */,
				778580101F8E110F005187B5 /* DSInputEmojiView.m in Sources */,
				7704C6E91FBD968200064B3F /* UITableView+DSCategory.m in Sources */,
				7795AC401F7F38490034CD3C /* DSInputScrollTextView.m in Sources */,
				777792811F90567900752427 /* DSInputEmojiButton.m in Sources */,
				774263491F8EF988002BDA84 /* UIImage+DSCategory.m in Sources */,
				77E0B67F1F7D2EE700154EF9 /* ViewController.m in Sources */,
				77992D861FCC2ADF0064E804 /* DSLoadProgressView.m in Sources */,
				77330C761FBE72E500DE37FF /* DSChatKitNotificationFirer.m in Sources */,
				77330C8D1FBF0D6100DE37FF /* DSAvatarImageView.m in Sources */,
				77A49BA41F973B4500F7DD10 /* DSSessionViewController.m in Sources */,
				77E51FF91F98C70F00EE0334 /* DSSessionInteractor.m in Sources */,
				778580131F8E146B005187B5 /* DSInputEmojiBottomView.m in Sources */,
				7758F90B1FC035EE005E86F9 /* DSSessionMessageContentView.m in Sources */,
				77E51FF31F98C5ED00EE0334 /* DSSessionDataSource.m in Sources */,
				77E0B68A1F7D2EE700154EF9 /* main.m in Sources */,
				77E0B67C1F7D2EE700154EF9 /* AppDelegate.m in Sources */,
				77992D7D1FCBB0990064E804 /* DSInputEmojiParser.m in Sources */,
				77992D831FCC28A40064E804 /* DSSessionImageContentView.m in Sources */,
				77992D801FCC25A40064E804 /* DSSessionUnknowContentView.m in Sources */,
				7791C61F1F8755FF00D69DAA /* DSInputToolView.m in Sources */,
				7758F90E1FC03741005E86F9 /* DSBadgeView.m in Sources */,
				77450EDE1FC50F1700324787 /* DSChatKitInfo.m in Sources */,
				77330C821FBF092900DE37FF /* DSMessageModel.m in Sources */,
				77330C841FBF092900DE37FF /* DSSession.m in Sources */,
				777792841F90DE6500752427 /* DSInputAudioRecordView.m in Sources */,
				775CE0C11F7E8D9B00E399B5 /* DSInputTextView.m in Sources */,
				7742634C1F8EFDDE002BDA84 /* DSChatKit.m in Sources */,
				77C6D6191F9DFA7D00C138FB /* DSSessionMsgDataSource.m in Sources */,
				77E51FF61F98C64F00EE0334 /* DSSessionLayout.m in Sources */,
				77330C811FBF092900DE37FF /* DSTimestampModel.m in Sources */,
				7791C6271F87899100D69DAA /* DSPageView.m in Sources */,
				77E51FE91F9841D400EE0334 /* UIView+DSCategory.m in Sources */,
			);
			runOnlyForDeploymentPostprocessing = 0;
		};
		77E0B68B1F7D2EE700154EF9 /* Sources */ = {
			isa = PBXSourcesBuildPhase;
			buildActionMask = 2147483647;
			files = (
				77E0B6941F7D2EE700154EF9 /* DSChatKitTests.m in Sources */,
			);
			runOnlyForDeploymentPostprocessing = 0;
		};
		77E0B6961F7D2EE700154EF9 /* Sources */ = {
			isa = PBXSourcesBuildPhase;
			buildActionMask = 2147483647;
			files = (
				77E0B69F1F7D2EE700154EF9 /* DSChatKitUITests.m in Sources */,
			);
			runOnlyForDeploymentPostprocessing = 0;
		};
/* End PBXSourcesBuildPhase section */

/* Begin PBXTargetDependency section */
		77E0B6911F7D2EE700154EF9 /* PBXTargetDependency */ = {
			isa = PBXTargetDependency;
			target = 77E0B6761F7D2EE700154EF9 /* DSChatKit */;
			targetProxy = 77E0B6901F7D2EE700154EF9 /* PBXContainerItemProxy */;
		};
		77E0B69C1F7D2EE700154EF9 /* PBXTargetDependency */ = {
			isa = PBXTargetDependency;
			target = 77E0B6761F7D2EE700154EF9 /* DSChatKit */;
			targetProxy = 77E0B69B1F7D2EE700154EF9 /* PBXContainerItemProxy */;
		};
/* End PBXTargetDependency section */

/* Begin PBXVariantGroup section */
		77E0B6801F7D2EE700154EF9 /* Main.storyboard */ = {
			isa = PBXVariantGroup;
			children = (
				77E0B6811F7D2EE700154EF9 /* Base */,
			);
			name = Main.storyboard;
			sourceTree = "<group>";
		};
		77E0B6851F7D2EE700154EF9 /* LaunchScreen.storyboard */ = {
			isa = PBXVariantGroup;
			children = (
				77E0B6861F7D2EE700154EF9 /* Base */,
			);
			name = LaunchScreen.storyboard;
			sourceTree = "<group>";
		};
/* End PBXVariantGroup section */

/* Begin XCBuildConfiguration section */
		77E0B6A11F7D2EE700154EF9 /* Debug */ = {
			isa = XCBuildConfiguration;
			buildSettings = {
				ALWAYS_SEARCH_USER_PATHS = NO;
				CLANG_ANALYZER_NONNULL = YES;
				CLANG_ANALYZER_NUMBER_OBJECT_CONVERSION = YES_AGGRESSIVE;
				CLANG_CXX_LANGUAGE_STANDARD = "gnu++14";
				CLANG_CXX_LIBRARY = "libc++";
				CLANG_ENABLE_MODULES = YES;
				CLANG_ENABLE_OBJC_ARC = YES;
				CLANG_WARN_BLOCK_CAPTURE_AUTORELEASING = YES;
				CLANG_WARN_BOOL_CONVERSION = YES;
				CLANG_WARN_COMMA = YES;
				CLANG_WARN_CONSTANT_CONVERSION = YES;
				CLANG_WARN_DIRECT_OBJC_ISA_USAGE = YES_ERROR;
				CLANG_WARN_DOCUMENTATION_COMMENTS = YES;
				CLANG_WARN_EMPTY_BODY = YES;
				CLANG_WARN_ENUM_CONVERSION = YES;
				CLANG_WARN_INFINITE_RECURSION = YES;
				CLANG_WARN_INT_CONVERSION = YES;
				CLANG_WARN_NON_LITERAL_NULL_CONVERSION = YES;
				CLANG_WARN_OBJC_LITERAL_CONVERSION = YES;
				CLANG_WARN_OBJC_ROOT_CLASS = YES_ERROR;
				CLANG_WARN_RANGE_LOOP_ANALYSIS = YES;
				CLANG_WARN_STRICT_PROTOTYPES = YES;
				CLANG_WARN_SUSPICIOUS_MOVE = YES;
				CLANG_WARN_UNGUARDED_AVAILABILITY = YES_AGGRESSIVE;
				CLANG_WARN_UNREACHABLE_CODE = YES;
				CLANG_WARN__DUPLICATE_METHOD_MATCH = YES;
				CODE_SIGN_IDENTITY = "iPhone Developer";
				COPY_PHASE_STRIP = NO;
				DEBUG_INFORMATION_FORMAT = dwarf;
				ENABLE_STRICT_OBJC_MSGSEND = YES;
				ENABLE_TESTABILITY = YES;
				GCC_C_LANGUAGE_STANDARD = gnu11;
				GCC_DYNAMIC_NO_PIC = NO;
				GCC_NO_COMMON_BLOCKS = YES;
				GCC_OPTIMIZATION_LEVEL = 0;
				GCC_PREPROCESSOR_DEFINITIONS = (
					"DEBUG=1",
					"$(inherited)",
				);
				GCC_WARN_64_TO_32_BIT_CONVERSION = YES;
				GCC_WARN_ABOUT_RETURN_TYPE = YES_ERROR;
				GCC_WARN_UNDECLARED_SELECTOR = YES;
				GCC_WARN_UNINITIALIZED_AUTOS = YES_AGGRESSIVE;
				GCC_WARN_UNUSED_FUNCTION = YES;
				GCC_WARN_UNUSED_VARIABLE = YES;
				IPHONEOS_DEPLOYMENT_TARGET = 11.0;
				MTL_ENABLE_DEBUG_INFO = YES;
				ONLY_ACTIVE_ARCH = YES;
				SDKROOT = iphoneos;
			};
			name = Debug;
		};
		77E0B6A21F7D2EE700154EF9 /* Release */ = {
			isa = XCBuildConfiguration;
			buildSettings = {
				ALWAYS_SEARCH_USER_PATHS = NO;
				CLANG_ANALYZER_NONNULL = YES;
				CLANG_ANALYZER_NUMBER_OBJECT_CONVERSION = YES_AGGRESSIVE;
				CLANG_CXX_LANGUAGE_STANDARD = "gnu++14";
				CLANG_CXX_LIBRARY = "libc++";
				CLANG_ENABLE_MODULES = YES;
				CLANG_ENABLE_OBJC_ARC = YES;
				CLANG_WARN_BLOCK_CAPTURE_AUTORELEASING = YES;
				CLANG_WARN_BOOL_CONVERSION = YES;
				CLANG_WARN_COMMA = YES;
				CLANG_WARN_CONSTANT_CONVERSION = YES;
				CLANG_WARN_DIRECT_OBJC_ISA_USAGE = YES_ERROR;
				CLANG_WARN_DOCUMENTATION_COMMENTS = YES;
				CLANG_WARN_EMPTY_BODY = YES;
				CLANG_WARN_ENUM_CONVERSION = YES;
				CLANG_WARN_INFINITE_RECURSION = YES;
				CLANG_WARN_INT_CONVERSION = YES;
				CLANG_WARN_NON_LITERAL_NULL_CONVERSION = YES;
				CLANG_WARN_OBJC_LITERAL_CONVERSION = YES;
				CLANG_WARN_OBJC_ROOT_CLASS = YES_ERROR;
				CLANG_WARN_RANGE_LOOP_ANALYSIS = YES;
				CLANG_WARN_STRICT_PROTOTYPES = YES;
				CLANG_WARN_SUSPICIOUS_MOVE = YES;
				CLANG_WARN_UNGUARDED_AVAILABILITY = YES_AGGRESSIVE;
				CLANG_WARN_UNREACHABLE_CODE = YES;
				CLANG_WARN__DUPLICATE_METHOD_MATCH = YES;
				CODE_SIGN_IDENTITY = "iPhone Developer";
				COPY_PHASE_STRIP = NO;
				DEBUG_INFORMATION_FORMAT = "dwarf-with-dsym";
				ENABLE_NS_ASSERTIONS = NO;
				ENABLE_STRICT_OBJC_MSGSEND = YES;
				GCC_C_LANGUAGE_STANDARD = gnu11;
				GCC_NO_COMMON_BLOCKS = YES;
				GCC_WARN_64_TO_32_BIT_CONVERSION = YES;
				GCC_WARN_ABOUT_RETURN_TYPE = YES_ERROR;
				GCC_WARN_UNDECLARED_SELECTOR = YES;
				GCC_WARN_UNINITIALIZED_AUTOS = YES_AGGRESSIVE;
				GCC_WARN_UNUSED_FUNCTION = YES;
				GCC_WARN_UNUSED_VARIABLE = YES;
				IPHONEOS_DEPLOYMENT_TARGET = 11.0;
				MTL_ENABLE_DEBUG_INFO = NO;
				SDKROOT = iphoneos;
				VALIDATE_PRODUCT = YES;
			};
			name = Release;
		};
		77E0B6A41F7D2EE700154EF9 /* Debug */ = {
			isa = XCBuildConfiguration;
			baseConfigurationReference = FDFD22B0EAB4ED659F15CBC2 /* Pods-DSChatKit.debug.xcconfig */;
			buildSettings = {
				ASSETCATALOG_COMPILER_APPICON_NAME = AppIcon;
				CODE_SIGN_STYLE = Automatic;
				DEVELOPMENT_TEAM = M3WM4WM6Y4;
				INFOPLIST_FILE = DSChatKit/Info.plist;
				IPHONEOS_DEPLOYMENT_TARGET = 8.0;
				LD_RUNPATH_SEARCH_PATHS = "$(inherited) @executable_path/Frameworks";
				PRODUCT_BUNDLE_IDENTIFIER = "---.DSChatKit";
				PRODUCT_NAME = "$(TARGET_NAME)";
				TARGETED_DEVICE_FAMILY = "1,2";
			};
			name = Debug;
		};
		77E0B6A51F7D2EE700154EF9 /* Release */ = {
			isa = XCBuildConfiguration;
			baseConfigurationReference = A27A3D83EF5EB11CA9846F7A /* Pods-DSChatKit.release.xcconfig */;
			buildSettings = {
				ASSETCATALOG_COMPILER_APPICON_NAME = AppIcon;
				CODE_SIGN_STYLE = Automatic;
				DEVELOPMENT_TEAM = M3WM4WM6Y4;
				INFOPLIST_FILE = DSChatKit/Info.plist;
				IPHONEOS_DEPLOYMENT_TARGET = 8.0;
				LD_RUNPATH_SEARCH_PATHS = "$(inherited) @executable_path/Frameworks";
				PRODUCT_BUNDLE_IDENTIFIER = "---.DSChatKit";
				PRODUCT_NAME = "$(TARGET_NAME)";
				TARGETED_DEVICE_FAMILY = "1,2";
			};
			name = Release;
		};
		77E0B6A71F7D2EE700154EF9 /* Debug */ = {
			isa = XCBuildConfiguration;
			buildSettings = {
				BUNDLE_LOADER = "$(TEST_HOST)";
				CODE_SIGN_STYLE = Automatic;
				DEVELOPMENT_TEAM = M3WM4WM6Y4;
				INFOPLIST_FILE = DSChatKitTests/Info.plist;
				LD_RUNPATH_SEARCH_PATHS = "$(inherited) @executable_path/Frameworks @loader_path/Frameworks";
				PRODUCT_BUNDLE_IDENTIFIER = "---.DSChatKitTests";
				PRODUCT_NAME = "$(TARGET_NAME)";
				TARGETED_DEVICE_FAMILY = "1,2";
				TEST_HOST = "$(BUILT_PRODUCTS_DIR)/DSChatKit.app/DSChatKit";
			};
			name = Debug;
		};
		77E0B6A81F7D2EE700154EF9 /* Release */ = {
			isa = XCBuildConfiguration;
			buildSettings = {
				BUNDLE_LOADER = "$(TEST_HOST)";
				CODE_SIGN_STYLE = Automatic;
				DEVELOPMENT_TEAM = M3WM4WM6Y4;
				INFOPLIST_FILE = DSChatKitTests/Info.plist;
				LD_RUNPATH_SEARCH_PATHS = "$(inherited) @executable_path/Frameworks @loader_path/Frameworks";
				PRODUCT_BUNDLE_IDENTIFIER = "---.DSChatKitTests";
				PRODUCT_NAME = "$(TARGET_NAME)";
				TARGETED_DEVICE_FAMILY = "1,2";
				TEST_HOST = "$(BUILT_PRODUCTS_DIR)/DSChatKit.app/DSChatKit";
			};
			name = Release;
		};
		77E0B6AA1F7D2EE700154EF9 /* Debug */ = {
			isa = XCBuildConfiguration;
			buildSettings = {
				CODE_SIGN_STYLE = Automatic;
				DEVELOPMENT_TEAM = M3WM4WM6Y4;
				INFOPLIST_FILE = DSChatKitUITests/Info.plist;
				LD_RUNPATH_SEARCH_PATHS = "$(inherited) @executable_path/Frameworks @loader_path/Frameworks";
				PRODUCT_BUNDLE_IDENTIFIER = "---.DSChatKitUITests";
				PRODUCT_NAME = "$(TARGET_NAME)";
				TARGETED_DEVICE_FAMILY = "1,2";
				TEST_TARGET_NAME = DSChatKit;
			};
			name = Debug;
		};
		77E0B6AB1F7D2EE700154EF9 /* Release */ = {
			isa = XCBuildConfiguration;
			buildSettings = {
				CODE_SIGN_STYLE = Automatic;
				DEVELOPMENT_TEAM = M3WM4WM6Y4;
				INFOPLIST_FILE = DSChatKitUITests/Info.plist;
				LD_RUNPATH_SEARCH_PATHS = "$(inherited) @executable_path/Frameworks @loader_path/Frameworks";
				PRODUCT_BUNDLE_IDENTIFIER = "---.DSChatKitUITests";
				PRODUCT_NAME = "$(TARGET_NAME)";
				TARGETED_DEVICE_FAMILY = "1,2";
				TEST_TARGET_NAME = DSChatKit;
			};
			name = Release;
		};
/* End XCBuildConfiguration section */

/* Begin XCConfigurationList section */
		77E0B6721F7D2EE700154EF9 /* Build configuration list for PBXProject "DSChatKit" */ = {
			isa = XCConfigurationList;
			buildConfigurations = (
				77E0B6A11F7D2EE700154EF9 /* Debug */,
				77E0B6A21F7D2EE700154EF9 /* Release */,
			);
			defaultConfigurationIsVisible = 0;
			defaultConfigurationName = Release;
		};
		77E0B6A31F7D2EE700154EF9 /* Build configuration list for PBXNativeTarget "DSChatKit" */ = {
			isa = XCConfigurationList;
			buildConfigurations = (
				77E0B6A41F7D2EE700154EF9 /* Debug */,
				77E0B6A51F7D2EE700154EF9 /* Release */,
			);
			defaultConfigurationIsVisible = 0;
			defaultConfigurationName = Release;
		};
		77E0B6A61F7D2EE700154EF9 /* Build configuration list for PBXNativeTarget "DSChatKitTests" */ = {
			isa = XCConfigurationList;
			buildConfigurations = (
				77E0B6A71F7D2EE700154EF9 /* Debug */,
				77E0B6A81F7D2EE700154EF9 /* Release */,
			);
			defaultConfigurationIsVisible = 0;
			defaultConfigurationName = Release;
		};
		77E0B6A91F7D2EE700154EF9 /* Build configuration list for PBXNativeTarget "DSChatKitUITests" */ = {
			isa = XCConfigurationList;
			buildConfigurations = (
				77E0B6AA1F7D2EE700154EF9 /* Debug */,
				77E0B6AB1F7D2EE700154EF9 /* Release */,
			);
			defaultConfigurationIsVisible = 0;
			defaultConfigurationName = Release;
		};
/* End XCConfigurationList section */
	};
	rootObject = 77E0B66F1F7D2EE700154EF9 /* Project object */;
}
